// !$*UTF8*$!
{
	archiveVersion = 1;
	classes = {
	};
	objectVersion = 77;
	objects = {

/* Begin PBXBuildFile section */
		100000000000000000000001 /* main.swift in Sources */ = {isa = PBXBuildFile; fileRef = 200000000000000000000001 /* main.swift */; };
		100000000000000000000002 /* FrameCodecTests.swift in Sources */ = {isa = PBXBuildFile; fileRef = 200000000000000000000002 /* FrameCodecTests.swift */; };
		100000000000000000000003 /* SwiftTerm in Frameworks */ = {isa = PBXBuildFile; productRef = 900000000000000000000002 /* SwiftTerm */; };
		100000000000000000000004 /* SessionProtocol.swift in Sources */ = {isa = PBXBuildFile; fileRef = 200000000000000000000005 /* SessionProtocol.swift */; };
		100000000000000000000005 /* SessionConnectionTests.swift in Sources */ = {isa = PBXBuildFile; fileRef = 200000000000000000000006 /* SessionConnectionTests.swift */; };
		100000000000000000000006 /* SessionConnection.swift in Sources */ = {isa = PBXBuildFile; fileRef = 200000000000000000000007 /* SessionConnection.swift */; };
		100000000000000000000007 /* WorkspaceWindowControllerTests.swift in Sources */ = {isa = PBXBuildFile; fileRef = 200000000000000000000008 /* WorkspaceWindowControllerTests.swift */; };
		100000000000000000000008 /* Instrumentation.swift in Sources */ = {isa = PBXBuildFile; fileRef = 200000000000000000000009 /* Instrumentation.swift */; };
		100000000000000000000009 /* TerminalSurfaceView.swift in Sources */ = {isa = PBXBuildFile; fileRef = 20000000000000000000000A /* TerminalSurfaceView.swift */; };
		10000000000000000000000A /* WorkspaceWindowController.swift in Sources */ = {isa = PBXBuildFile; fileRef = 20000000000000000000000B /* WorkspaceWindowController.swift */; };
		10000000000000000000000B /* AppDelegate.swift in Sources */ = {isa = PBXBuildFile; fileRef = 20000000000000000000000C /* AppDelegate.swift */; };
		10000000000000000000000C /* PaneGrid.swift in Sources */ = {isa = PBXBuildFile; fileRef = 20000000000000000000000D /* PaneGrid.swift */; };
		10000000000000000000000D /* PaneGridTests.swift in Sources */ = {isa = PBXBuildFile; fileRef = 20000000000000000000000E /* PaneGridTests.swift */; };
		10000000000000000000000E /* PaneWorkspaceView.swift in Sources */ = {isa = PBXBuildFile; fileRef = 20000000000000000000000F /* PaneWorkspaceView.swift */; };
		10000000000000000000000F /* PaneWorkspaceViewTests.swift in Sources */ = {isa = PBXBuildFile; fileRef = 200000000000000000000010 /* PaneWorkspaceViewTests.swift */; };
		100000000000000000000010 /* pane-grid.json in Resources */ = {isa = PBXBuildFile; fileRef = 200000000000000000000011 /* pane-grid.json */; };
		100000000000000000000011 /* PersistedLayout.swift in Sources */ = {isa = PBXBuildFile; fileRef = 200000000000000000000012 /* PersistedLayout.swift */; };
		100000000000000000000012 /* PersistedLayoutTests.swift in Sources */ = {isa = PBXBuildFile; fileRef = 200000000000000000000013 /* PersistedLayoutTests.swift */; };
		100000000000000000000013 /* SettingsKeys.swift in Sources */ = {isa = PBXBuildFile; fileRef = 200000000000000000000014 /* SettingsKeys.swift */; };
		100000000000000000000014 /* WorkspaceRestoration.swift in Sources */ = {isa = PBXBuildFile; fileRef = 200000000000000000000015 /* WorkspaceRestoration.swift */; };
		100000000000000000000015 /* WorkspaceRestorationTests.swift in Sources */ = {isa = PBXBuildFile; fileRef = 200000000000000000000016 /* WorkspaceRestorationTests.swift */; };
		100000000000000000000016 /* NotificationFeed.swift in Sources */ = {isa = PBXBuildFile; fileRef = 200000000000000000000017 /* NotificationFeed.swift */; };
		100000000000000000000017 /* NotificationFeedTests.swift in Sources */ = {isa = PBXBuildFile; fileRef = 200000000000000000000018 /* NotificationFeedTests.swift */; };
		100000000000000000000018 /* SessionNotifier.swift in Sources */ = {isa = PBXBuildFile; fileRef = 200000000000000000000019 /* SessionNotifier.swift */; };
		100000000000000000000019 /* SessionNotifierTests.swift in Sources */ = {isa = PBXBuildFile; fileRef = 20000000000000000000001A /* SessionNotifierTests.swift */; };
		10000000000000000000001A /* SessionOutline.swift in Sources */ = {isa = PBXBuildFile; fileRef = 20000000000000000000001B /* SessionOutline.swift */; };
		10000000000000000000001B /* SessionOutlineView.swift in Sources */ = {isa = PBXBuildFile; fileRef = 20000000000000000000001C /* SessionOutlineView.swift */; };
		10000000000000000000001C /* SessionOutlineTests.swift in Sources */ = {isa = PBXBuildFile; fileRef = 20000000000000000000001D /* SessionOutlineTests.swift */; };
/* End PBXBuildFile section */

/* Begin PBXContainerItemProxy section */
		300000000000000000000001 /* PBXContainerItemProxy */ = {
			isa = PBXContainerItemProxy;
			containerPortal = 700000000000000000000001 /* Project object */;
			proxyType = 1;
			remoteGlobalIDString = 600000000000000000000001;
			remoteInfo = OmniAgent;
		};
/* End PBXContainerItemProxy section */

/* Begin PBXFileReference section */
		200000000000000000000001 /* main.swift */ = {isa = PBXFileReference; lastKnownFileType = sourcecode.swift; path = main.swift; sourceTree = "<group>"; };
		200000000000000000000002 /* FrameCodecTests.swift */ = {isa = PBXFileReference; lastKnownFileType = sourcecode.swift; path = FrameCodecTests.swift; sourceTree = "<group>"; };
		200000000000000000000003 /* OmniAgent.app */ = {isa = PBXFileReference; explicitFileType = wrapper.application; includeInIndex = 0; path = OmniAgent.app; sourceTree = BUILT_PRODUCTS_DIR; };
		200000000000000000000004 /* OmniAgentTests.xctest */ = {isa = PBXFileReference; explicitFileType = wrapper.cfbundle; includeInIndex = 0; path = OmniAgentTests.xctest; sourceTree = BUILT_PRODUCTS_DIR; };
		200000000000000000000005 /* SessionProtocol.swift */ = {isa = PBXFileReference; lastKnownFileType = sourcecode.swift; path = SessionProtocol.swift; sourceTree = "<group>"; };
		200000000000000000000006 /* SessionConnectionTests.swift */ = {isa = PBXFileReference; lastKnownFileType = sourcecode.swift; path = SessionConnectionTests.swift; sourceTree = "<group>"; };
		200000000000000000000007 /* SessionConnection.swift */ = {isa = PBXFileReference; lastKnownFileType = sourcecode.swift; path = SessionConnection.swift; sourceTree = "<group>"; };
		200000000000000000000008 /* WorkspaceWindowControllerTests.swift */ = {isa = PBXFileReference; lastKnownFileType = sourcecode.swift; path = WorkspaceWindowControllerTests.swift; sourceTree = "<group>"; };
		200000000000000000000009 /* Instrumentation.swift */ = {isa = PBXFileReference; lastKnownFileType = sourcecode.swift; path = Instrumentation.swift; sourceTree = "<group>"; };
		20000000000000000000000A /* TerminalSurfaceView.swift */ = {isa = PBXFileReference; lastKnownFileType = sourcecode.swift; path = TerminalSurfaceView.swift; sourceTree = "<group>"; };
		20000000000000000000000B /* WorkspaceWindowController.swift */ = {isa = PBXFileReference; lastKnownFileType = sourcecode.swift; path = WorkspaceWindowController.swift; sourceTree = "<group>"; };
		20000000000000000000000C /* AppDelegate.swift */ = {isa = PBXFileReference; lastKnownFileType = sourcecode.swift; path = AppDelegate.swift; sourceTree = "<group>"; };
		20000000000000000000000D /* PaneGrid.swift */ = {isa = PBXFileReference; lastKnownFileType = sourcecode.swift; path = PaneGrid.swift; sourceTree = "<group>"; };
		20000000000000000000000E /* PaneGridTests.swift */ = {isa = PBXFileReference; lastKnownFileType = sourcecode.swift; path = PaneGridTests.swift; sourceTree = "<group>"; };
		20000000000000000000000F /* PaneWorkspaceView.swift */ = {isa = PBXFileReference; lastKnownFileType = sourcecode.swift; path = PaneWorkspaceView.swift; sourceTree = "<group>"; };
		200000000000000000000010 /* PaneWorkspaceViewTests.swift */ = {isa = PBXFileReference; lastKnownFileType = sourcecode.swift; path = PaneWorkspaceViewTests.swift; sourceTree = "<group>"; };
		200000000000000000000011 /* pane-grid.json */ = {isa = PBXFileReference; lastKnownFileType = text.json; name = "pane-grid.json"; path = "../fixtures/native-macos-compat/pane-grid.json"; sourceTree = SOURCE_ROOT; };
		200000000000000000000012 /* PersistedLayout.swift */ = {isa = PBXFileReference; lastKnownFileType = sourcecode.swift; path = PersistedLayout.swift; sourceTree = "<group>"; };
		200000000000000000000013 /* PersistedLayoutTests.swift */ = {isa = PBXFileReference; lastKnownFileType = sourcecode.swift; path = PersistedLayoutTests.swift; sourceTree = "<group>"; };
		200000000000000000000014 /* SettingsKeys.swift */ = {isa = PBXFileReference; lastKnownFileType = sourcecode.swift; path = SettingsKeys.swift; sourceTree = "<group>"; };
		200000000000000000000015 /* WorkspaceRestoration.swift */ = {isa = PBXFileReference; lastKnownFileType = sourcecode.swift; path = WorkspaceRestoration.swift; sourceTree = "<group>"; };
		200000000000000000000016 /* WorkspaceRestorationTests.swift */ = {isa = PBXFileReference; lastKnownFileType = sourcecode.swift; path = WorkspaceRestorationTests.swift; sourceTree = "<group>"; };
		200000000000000000000017 /* NotificationFeed.swift */ = {isa = PBXFileReference; lastKnownFileType = sourcecode.swift; path = NotificationFeed.swift; sourceTree = "<group>"; };
		200000000000000000000018 /* NotificationFeedTests.swift */ = {isa = PBXFileReference; lastKnownFileType = sourcecode.swift; path = NotificationFeedTests.swift; sourceTree = "<group>"; };
		200000000000000000000019 /* SessionNotifier.swift */ = {isa = PBXFileReference; lastKnownFileType = sourcecode.swift; path = SessionNotifier.swift; sourceTree = "<group>"; };
		20000000000000000000001A /* SessionNotifierTests.swift */ = {isa = PBXFileReference; lastKnownFileType = sourcecode.swift; path = SessionNotifierTests.swift; sourceTree = "<group>"; };
		20000000000000000000001B /* SessionOutline.swift */ = {isa = PBXFileReference; lastKnownFileType = sourcecode.swift; path = SessionOutline.swift; sourceTree = "<group>"; };
		20000000000000000000001C /* SessionOutlineView.swift */ = {isa = PBXFileReference; lastKnownFileType = sourcecode.swift; path = SessionOutlineView.swift; sourceTree = "<group>"; };
		20000000000000000000001D /* SessionOutlineTests.swift */ = {isa = PBXFileReference; lastKnownFileType = sourcecode.swift; path = SessionOutlineTests.swift; sourceTree = "<group>"; };
/* End PBXFileReference section */

/* Begin PBXFrameworksBuildPhase section */
		400000000000000000000001 /* Frameworks */ = {
			isa = PBXFrameworksBuildPhase;
			buildActionMask = 2147483647;
			files = (
				100000000000000000000003 /* SwiftTerm in Frameworks */,
			);
			runOnlyForDeploymentPostprocessing = 0;
		};
		400000000000000000000002 /* Frameworks */ = {
			isa = PBXFrameworksBuildPhase;
			buildActionMask = 2147483647;
			files = (
			);
			runOnlyForDeploymentPostprocessing = 0;
		};
/* End PBXFrameworksBuildPhase section */

/* Begin PBXGroup section */
		500000000000000000000001 = {
			isa = PBXGroup;
			children = (
				500000000000000000000002 /* OmniAgent */,
				500000000000000000000003 /* OmniAgentTests */,
				500000000000000000000004 /* Products */,
			);
			sourceTree = "<group>";
		};
		500000000000000000000002 /* OmniAgent */ = {
			isa = PBXGroup;
			children = (
				200000000000000000000001 /* main.swift */,
				200000000000000000000005 /* SessionProtocol.swift */,
				200000000000000000000007 /* SessionConnection.swift */,
				200000000000000000000009 /* Instrumentation.swift */,
				20000000000000000000000D /* PaneGrid.swift */,
				20000000000000000000000F /* PaneWorkspaceView.swift */,
				20000000000000000000000A /* TerminalSurfaceView.swift */,
				20000000000000000000000B /* WorkspaceWindowController.swift */,
				20000000000000000000000C /* AppDelegate.swift */,
				200000000000000000000012 /* PersistedLayout.swift */,
				200000000000000000000014 /* SettingsKeys.swift */,
				200000000000000000000015 /* WorkspaceRestoration.swift */,
				200000000000000000000017 /* NotificationFeed.swift */,
				200000000000000000000019 /* SessionNotifier.swift */,
				20000000000000000000001B /* SessionOutline.swift */,
				20000000000000000000001C /* SessionOutlineView.swift */,
			);
			path = OmniAgent;
			sourceTree = "<group>";
		};
		500000000000000000000003 /* OmniAgentTests */ = {
			isa = PBXGroup;
			children = (
				200000000000000000000002 /* FrameCodecTests.swift */,
				200000000000000000000006 /* SessionConnectionTests.swift */,
				20000000000000000000000E /* PaneGridTests.swift */,
				200000000000000000000010 /* PaneWorkspaceViewTests.swift */,
				200000000000000000000011 /* pane-grid.json */,
				200000000000000000000008 /* WorkspaceWindowControllerTests.swift */,
				200000000000000000000013 /* PersistedLayoutTests.swift */,
				200000000000000000000016 /* WorkspaceRestorationTests.swift */,
				200000000000000000000018 /* NotificationFeedTests.swift */,
				20000000000000000000001A /* SessionNotifierTests.swift */,
				20000000000000000000001D /* SessionOutlineTests.swift */,
			);
			path = OmniAgentTests;
			sourceTree = "<group>";
		};
		500000000000000000000004 /* Products */ = {
			isa = PBXGroup;
			children = (
				200000000000000000000003 /* OmniAgent.app */,
				200000000000000000000004 /* OmniAgentTests.xctest */,
			);
			name = Products;
			sourceTree = "<group>";
		};
/* End PBXGroup section */

/* Begin PBXNativeTarget section */
		600000000000000000000001 /* OmniAgent */ = {
			isa = PBXNativeTarget;
			buildConfigurationList = A00000000000000000000001 /* Build configuration list for PBXNativeTarget "OmniAgent" */;
			buildPhases = (
				800000000000000000000001 /* Sources */,
				400000000000000000000001 /* Frameworks */,
				800000000000000000000003 /* Resources */,
			);
			buildRules = (
			);
			dependencies = (
			);
			name = OmniAgent;
			packageProductDependencies = (
				900000000000000000000002 /* SwiftTerm */,
			);
			productName = OmniAgent;
			productReference = 200000000000000000000003 /* OmniAgent.app */;
			productType = "com.apple.product-type.application";
		};
		600000000000000000000002 /* OmniAgentTests */ = {
			isa = PBXNativeTarget;
			buildConfigurationList = A00000000000000000000002 /* Build configuration list for PBXNativeTarget "OmniAgentTests" */;
			buildPhases = (
				800000000000000000000002 /* Sources */,
				400000000000000000000002 /* Frameworks */,
				800000000000000000000004 /* Resources */,
			);
			buildRules = (
			);
			dependencies = (
				300000000000000000000002 /* PBXTargetDependency */,
			);
			name = OmniAgentTests;
			productName = OmniAgentTests;
			productReference = 200000000000000000000004 /* OmniAgentTests.xctest */;
			productType = "com.apple.product-type.bundle.unit-test";
		};
/* End PBXNativeTarget section */

/* Begin PBXProject section */
		700000000000000000000001 /* Project object */ = {
			isa = PBXProject;
			attributes = {
				BuildIndependentTargetsInParallel = 1;
				LastSwiftUpdateCheck = 2660;
				LastUpgradeCheck = 2660;
				TargetAttributes = {
					600000000000000000000001 = {
						CreatedOnToolsVersion = 26.6;
					};
					600000000000000000000002 = {
						CreatedOnToolsVersion = 26.6;
						TestTargetID = 600000000000000000000001;
					};
				};
			};
			buildConfigurationList = A00000000000000000000000 /* Build configuration list for PBXProject "OmniAgent" */;
			developmentRegion = en;
			hasScannedForEncodings = 0;
			knownRegions = (
				en,
				Base,
			);
			mainGroup = 500000000000000000000001;
			minimizedProjectReferenceProxies = 1;
			packageReferences = (
				900000000000000000000001 /* XCRemoteSwiftPackageReference "SwiftTerm" */,
			);
			preferredProjectObjectVersion = 77;
			productRefGroup = 500000000000000000000004 /* Products */;
			projectDirPath = "";
			projectRoot = "";
			targets = (
				600000000000000000000001 /* OmniAgent */,
				600000000000000000000002 /* OmniAgentTests */,
			);
		};
/* End PBXProject section */

/* Begin PBXResourcesBuildPhase section */
		800000000000000000000003 /* Resources */ = {
			isa = PBXResourcesBuildPhase;
			buildActionMask = 2147483647;
			files = (
			);
			runOnlyForDeploymentPostprocessing = 0;
		};
		800000000000000000000004 /* Resources */ = {
			isa = PBXResourcesBuildPhase;
			buildActionMask = 2147483647;
			files = (
				100000000000000000000010 /* pane-grid.json in Resources */,
			);
			runOnlyForDeploymentPostprocessing = 0;
		};
/* End PBXResourcesBuildPhase section */

/* Begin PBXSourcesBuildPhase section */
		800000000000000000000001 /* Sources */ = {
			isa = PBXSourcesBuildPhase;
			buildActionMask = 2147483647;
			files = (
				100000000000000000000001 /* main.swift in Sources */,
				100000000000000000000004 /* SessionProtocol.swift in Sources */,
				100000000000000000000006 /* SessionConnection.swift in Sources */,
				100000000000000000000008 /* Instrumentation.swift in Sources */,
				10000000000000000000000C /* PaneGrid.swift in Sources */,
				10000000000000000000000E /* PaneWorkspaceView.swift in Sources */,
				100000000000000000000009 /* TerminalSurfaceView.swift in Sources */,
				10000000000000000000000A /* WorkspaceWindowController.swift in Sources */,
				10000000000000000000000B /* AppDelegate.swift in Sources */,
				100000000000000000000011 /* PersistedLayout.swift in Sources */,
				100000000000000000000013 /* SettingsKeys.swift in Sources */,
				100000000000000000000014 /* WorkspaceRestoration.swift in Sources */,
				100000000000000000000016 /* NotificationFeed.swift in Sources */,
				100000000000000000000018 /* SessionNotifier.swift in Sources */,
				10000000000000000000001A /* SessionOutline.swift in Sources */,
				10000000000000000000001B /* SessionOutlineView.swift in Sources */,
			);
			runOnlyForDeploymentPostprocessing = 0;
		};
		800000000000000000000002 /* Sources */ = {
			isa = PBXSourcesBuildPhase;
			buildActionMask = 2147483647;
			files = (
				100000000000000000000002 /* FrameCodecTests.swift in Sources */,
				100000000000000000000005 /* SessionConnectionTests.swift in Sources */,
				10000000000000000000000D /* PaneGridTests.swift in Sources */,
				10000000000000000000000F /* PaneWorkspaceViewTests.swift in Sources */,
				100000000000000000000007 /* WorkspaceWindowControllerTests.swift in Sources */,
				100000000000000000000012 /* PersistedLayoutTests.swift in Sources */,
				100000000000000000000015 /* WorkspaceRestorationTests.swift in Sources */,
				100000000000000000000017 /* NotificationFeedTests.swift in Sources */,
				100000000000000000000019 /* SessionNotifierTests.swift in Sources */,
				10000000000000000000001C /* SessionOutlineTests.swift in Sources */,
			);
			runOnlyForDeploymentPostprocessing = 0;
		};
/* End PBXSourcesBuildPhase section */

/* Begin PBXTargetDependency section */
		300000000000000000000002 /* PBXTargetDependency */ = {
			isa = PBXTargetDependency;
			target = 600000000000000000000001 /* OmniAgent */;
			targetProxy = 300000000000000000000001 /* PBXContainerItemProxy */;
		};
/* End PBXTargetDependency section */

/* Begin XCBuildConfiguration section */
		B00000000000000000000000 /* Debug */ = {
			isa = XCBuildConfiguration;
			buildSettings = {
				CLANG_ENABLE_MODULES = YES;
				MACOSX_DEPLOYMENT_TARGET = 14.0;
				ONLY_ACTIVE_ARCH = YES;
				SDKROOT = macosx;
				SWIFT_VERSION = 5.0;
			};
			name = Debug;
		};
		B00000000000000000000001 /* Release */ = {
			isa = XCBuildConfiguration;
			buildSettings = {
				CLANG_ENABLE_MODULES = YES;
				MACOSX_DEPLOYMENT_TARGET = 14.0;
				SDKROOT = macosx;
				SWIFT_VERSION = 5.0;
			};
			name = Release;
		};
		B00000000000000000000002 /* Debug */ = {
			isa = XCBuildConfiguration;
			buildSettings = {
				ASSETCATALOG_COMPILER_APPICON_NAME = "";
				CODE_SIGNING_ALLOWED = NO;
				COMBINE_HIDPI_IMAGES = YES;
				DEAD_CODE_STRIPPING = YES;
				ENABLE_HARDENED_RUNTIME = YES;
				ENABLE_TESTABILITY = YES;
				ENABLE_USER_SCRIPT_SANDBOXING = YES;
				GENERATE_INFOPLIST_FILE = YES;
				INFOPLIST_KEY_CFBundleDisplayName = OmniAgent;
				INFOPLIST_KEY_LSApplicationCategoryType = "public.app-category.developer-tools";
				LD_RUNPATH_SEARCH_PATHS = (
					"$(inherited)",
					"@executable_path/../Frameworks",
				);
				MACOSX_DEPLOYMENT_TARGET = 14.0;
				ONLY_ACTIVE_ARCH = YES;
				PRODUCT_BUNDLE_IDENTIFIER = digital.bruno.omniagent;
				PRODUCT_NAME = "$(TARGET_NAME)";
				SWIFT_EMIT_LOC_STRINGS = YES;
				SWIFT_STRICT_CONCURRENCY = minimal;
				SWIFT_VERSION = 5.0;
			};
			name = Debug;
		};
		B00000000000000000000003 /* Release */ = {
			isa = XCBuildConfiguration;
			buildSettings = {
				ASSETCATALOG_COMPILER_APPICON_NAME = "";
				CODE_SIGNING_ALLOWED = NO;
				COMBINE_HIDPI_IMAGES = YES;
				DEAD_CODE_STRIPPING = YES;
				ENABLE_HARDENED_RUNTIME = YES;
				ENABLE_USER_SCRIPT_SANDBOXING = YES;
				GENERATE_INFOPLIST_FILE = YES;
				INFOPLIST_KEY_CFBundleDisplayName = OmniAgent;
				INFOPLIST_KEY_LSApplicationCategoryType = "public.app-category.developer-tools";
				LD_RUNPATH_SEARCH_PATHS = (
					"$(inherited)",
					"@executable_path/../Frameworks",
				);
				MACOSX_DEPLOYMENT_TARGET = 14.0;
				ONLY_ACTIVE_ARCH = YES;
				PRODUCT_BUNDLE_IDENTIFIER = digital.bruno.omniagent;
				PRODUCT_NAME = "$(TARGET_NAME)";
				SWIFT_EMIT_LOC_STRINGS = YES;
				SWIFT_STRICT_CONCURRENCY = minimal;
				SWIFT_VERSION = 5.0;
			};
			name = Release;
		};
		B00000000000000000000004 /* Debug */ = {
			isa = XCBuildConfiguration;
			buildSettings = {
				BUNDLE_LOADER = "$(TEST_HOST)";
				CODE_SIGNING_ALLOWED = NO;
				GENERATE_INFOPLIST_FILE = YES;
				MACOSX_DEPLOYMENT_TARGET = 14.0;
				PRODUCT_BUNDLE_IDENTIFIER = digital.bruno.omniagent.tests;
				PRODUCT_NAME = "$(TARGET_NAME)";
				SWIFT_STRICT_CONCURRENCY = minimal;
				SWIFT_VERSION = 5.0;
				TEST_HOST = "$(BUILT_PRODUCTS_DIR)/OmniAgent.app/Contents/MacOS/OmniAgent";
			};
			name = Debug;
		};
		B00000000000000000000005 /* Release */ = {
			isa = XCBuildConfiguration;
			buildSettings = {
				BUNDLE_LOADER = "$(TEST_HOST)";
				CODE_SIGNING_ALLOWED = NO;
				GENERATE_INFOPLIST_FILE = YES;
				MACOSX_DEPLOYMENT_TARGET = 14.0;
				PRODUCT_BUNDLE_IDENTIFIER = digital.bruno.omniagent.tests;
				PRODUCT_NAME = "$(TARGET_NAME)";
				SWIFT_STRICT_CONCURRENCY = minimal;
				SWIFT_VERSION = 5.0;
				TEST_HOST = "$(BUILT_PRODUCTS_DIR)/OmniAgent.app/Contents/MacOS/OmniAgent";
			};
			name = Release;
		};
/* End XCBuildConfiguration section */

/* Begin XCConfigurationList section */
		A00000000000000000000000 /* Build configuration list for PBXProject "OmniAgent" */ = {
			isa = XCConfigurationList;
			buildConfigurations = (
				B00000000000000000000000 /* Debug */,
				B00000000000000000000001 /* Release */,
			);
			defaultConfigurationIsVisible = 0;
			defaultConfigurationName = Release;
		};
		A00000000000000000000001 /* Build configuration list for PBXNativeTarget "OmniAgent" */ = {
			isa = XCConfigurationList;
			buildConfigurations = (
				B00000000000000000000002 /* Debug */,
				B00000000000000000000003 /* Release */,
			);
			defaultConfigurationIsVisible = 0;
			defaultConfigurationName = Release;
		};
		A00000000000000000000002 /* Build configuration list for PBXNativeTarget "OmniAgentTests" */ = {
			isa = XCConfigurationList;
			buildConfigurations = (
				B00000000000000000000004 /* Debug */,
				B00000000000000000000005 /* Release */,
			);
			defaultConfigurationIsVisible = 0;
			defaultConfigurationName = Release;
		};
/* End XCConfigurationList section */

/* Begin XCRemoteSwiftPackageReference section */
		900000000000000000000001 /* XCRemoteSwiftPackageReference "SwiftTerm" */ = {
			isa = XCRemoteSwiftPackageReference;
			repositoryURL = "https://github.com/migueldeicaza/SwiftTerm.git";
			requirement = {
				kind = revision;
				revision = 6918d74b5c2880007901151cd4ac1820779abd7b;
			};
		};
/* End XCRemoteSwiftPackageReference section */

/* Begin XCSwiftPackageProductDependency section */
		900000000000000000000002 /* SwiftTerm */ = {
			isa = XCSwiftPackageProductDependency;
			package = 900000000000000000000001 /* XCRemoteSwiftPackageReference "SwiftTerm" */;
			productName = SwiftTerm;
		};
/* End XCSwiftPackageProductDependency section */
	};
	rootObject = 700000000000000000000001 /* Project object */;
}
