// !$*UTF8*$!
{
	archiveVersion = 1;
	classes = {
	};
	objectVersion = 77;
	objects = {

/* Begin PBXBuildFile section */
		100000000000000000000001 /* main.swift in Sources */ = {isa = PBXBuildFile; fileRef = 200000000000000000000001 /* main.swift */; };
		100000000000000000000002 /* FrameCodecTests.swift in Sources */ = {isa = PBXBuildFile; fileRef = 200000000000000000000002 /* FrameCodecTests.swift */; };
		100000000000000000000003 /* SwiftTerm in Frameworks */ = {isa = PBXBuildFile; productRef = 900000000000000000000002 /* SwiftTerm */; };
		100000000000000000000004 /* SessionProtocol.swift in Sources */ = {isa = PBXBuildFile; fileRef = 200000000000000000000005 /* SessionProtocol.swift */; };
		100000000000000000000005 /* SessionConnectionTests.swift in Sources */ = {isa = PBXBuildFile; fileRef = 200000000000000000000006 /* SessionConnectionTests.swift */; };
		100000000000000000000006 /* SessionConnection.swift in Sources */ = {isa = PBXBuildFile; fileRef = 200000000000000000000007 /* SessionConnection.swift */; };
		100000000000000000000007 /* WorkspaceWindowControllerTests.swift in Sources */ = {isa = PBXBuildFile; fileRef = 200000000000000000000008 /* WorkspaceWindowControllerTests.swift */; };
		100000000000000000000008 /* Instrumentation.swift in Sources */ = {isa = PBXBuildFile; fileRef = 200000000000000000000009 /* Instrumentation.swift */; };
		100000000000000000000009 /* TerminalSurfaceView.swift in Sources */ = {isa = PBXBuildFile; fileRef = 20000000000000000000000A /* TerminalSurfaceView.swift */; };
		10000000000000000000080 /* PaneContentView.swift in Sources */ = {isa = PBXBuildFile; fileRef = 20000000000000000000080 /* PaneContentView.swift */; };
		10000000000000000000090 /* BrowserPaneView.swift in Sources */ = {isa = PBXBuildFile; fileRef = 20000000000000000000090 /* BrowserPaneView.swift */; };
		10000000000000000000091 /* BrowserPaneViewTests.swift in Sources */ = {isa = PBXBuildFile; fileRef = 20000000000000000000091 /* BrowserPaneViewTests.swift */; };
		10000000000000000000092 /* BrowserPanes.swift in Sources */ = {isa = PBXBuildFile; fileRef = 20000000000000000000092 /* BrowserPanes.swift */; };
		100000000000000000000B0 /* EditorPaneModel.swift in Sources */ = {isa = PBXBuildFile; fileRef = 200000000000000000000B0 /* EditorPaneModel.swift */; };
		53C290D7733E43F89B368514 /* EditorPanes.swift in Sources */ = {isa = PBXBuildFile; fileRef = BACAA95FB7844450B021094B /* EditorPanes.swift */; };
		71021CF2EFA24E0285BFFFDA /* EditorFileClass.swift in Sources */ = {isa = PBXBuildFile; fileRef = 08B9844312A440D4A5A932C5 /* EditorFileClass.swift */; };
		68F9BD406F6C7DDABE533A9D /* GitFileContent.swift in Sources */ = {isa = PBXBuildFile; fileRef = C43E2B4CEEE6E8798AE14F29 /* GitFileContent.swift */; };
		A8F274672EE375B094EDE786 /* PaneFilmstrip.swift in Sources */ = {isa = PBXBuildFile; fileRef = 157B822C99ACE707C21FDF16 /* PaneFilmstrip.swift */; };
		DC11E984BFFC0A19284D6270 /* PaneFilmstripItemView.swift in Sources */ = {isa = PBXBuildFile; fileRef = 7A6200BA1CA6B4895D134437 /* PaneFilmstripItemView.swift */; };
		E4A1C60B27D34F19B0C55A83 /* DoublePressDetector.swift in Sources */ = {isa = PBXBuildFile; fileRef = 2F8D45A9B1E64C7290EA3D16 /* DoublePressDetector.swift */; };
		40187BB1C8BB496BBDF4129A /* EditorWebView.swift in Sources */ = {isa = PBXBuildFile; fileRef = 804C0D63AE9348399ED44B65 /* EditorWebView.swift */; };
		8F133DE140464FFEBCA301BD /* EditorPaneView.swift in Sources */ = {isa = PBXBuildFile; fileRef = 9C05BB92321E4D168F6F8F55 /* EditorPaneView.swift */; };
		6B338221C82340A48C81D8A6 /* MediaTabView.swift in Sources */ = {isa = PBXBuildFile; fileRef = 1422F1A7E3B9416382854F44 /* MediaTabView.swift */; };
		12571DF89D0D4288891BDAFE /* EditorTabStripView.swift in Sources */ = {isa = PBXBuildFile; fileRef = CF6FC80108EE44A497708D9A /* EditorTabStripView.swift */; };
		A14D8E2F5C7B41A69D3E0011 /* EditorTabDrag.swift in Sources */ = {isa = PBXBuildFile; fileRef = A14D8E2F5C7B41A69D3E0010 /* EditorTabDrag.swift */; };
		10000000000000000000094 /* PaneApprovalBar.swift in Sources */ = {isa = PBXBuildFile; fileRef = 20000000000000000000094 /* PaneApprovalBar.swift */; };
		10000000000000000000097 /* SessionHoverCardTests.swift in Sources */ = {isa = PBXBuildFile; fileRef = 20000000000000000000097 /* SessionHoverCardTests.swift */; };
		10000000000000000000096 /* SessionHoverCard.swift in Sources */ = {isa = PBXBuildFile; fileRef = 20000000000000000000096 /* SessionHoverCard.swift */; };
		3A7E4B21D95C4F6E8A102026 /* NavigationSidebar.swift in Sources */ = {isa = PBXBuildFile; fileRef = 3A7E4B21D95C4F6E8A102027 /* NavigationSidebar.swift */; };
		4C7A2E5FB9D14038A2202609 /* WorkspacesTree.swift in Sources */ = {isa = PBXBuildFile; fileRef = 4C7A2E5FB9D14038A2202608 /* WorkspacesTree.swift */; };
		4C7A2E5FB9D14038A220260B /* WorkspacesHeaderMenus.swift in Sources */ = {isa = PBXBuildFile; fileRef = 4C7A2E5FB9D14038A220260A /* WorkspacesHeaderMenus.swift */; };
		4C7A2E5FB9D14038A220260D /* WorkspacesHeaderMenusTests.swift in Sources */ = {isa = PBXBuildFile; fileRef = 4C7A2E5FB9D14038A220260C /* WorkspacesHeaderMenusTests.swift */; };
		4C7A2E5FB9D14038A220260F /* WorkspaceCustomizations.swift in Sources */ = {isa = PBXBuildFile; fileRef = 4C7A2E5FB9D14038A220260E /* WorkspaceCustomizations.swift */; };
		4C7A2E5FB9D14038A2202611 /* WorkspaceContextMenu.swift in Sources */ = {isa = PBXBuildFile; fileRef = 4C7A2E5FB9D14038A2202610 /* WorkspaceContextMenu.swift */; };
		4C7A2E5FB9D14038A2202613 /* WorkspaceCustomizationsTests.swift in Sources */ = {isa = PBXBuildFile; fileRef = 4C7A2E5FB9D14038A2202612 /* WorkspaceCustomizationsTests.swift */; };
		4C7A2E5FB9D14038A2202615 /* WorkspaceContextMenuTests.swift in Sources */ = {isa = PBXBuildFile; fileRef = 4C7A2E5FB9D14038A2202614 /* WorkspaceContextMenuTests.swift */; };
		4C7A2E5FB9D14038A2202617 /* SessionMeta.swift in Sources */ = {isa = PBXBuildFile; fileRef = 4C7A2E5FB9D14038A2202616 /* SessionMeta.swift */; };
		4C7A2E5FB9D14038A2202619 /* SessionContextMenu.swift in Sources */ = {isa = PBXBuildFile; fileRef = 4C7A2E5FB9D14038A2202618 /* SessionContextMenu.swift */; };
		4C7A2E5FB9D14038A220261B /* SessionMetaTests.swift in Sources */ = {isa = PBXBuildFile; fileRef = 4C7A2E5FB9D14038A220261A /* SessionMetaTests.swift */; };
		4C7A2E5FB9D14038A220261D /* SessionContextMenuTests.swift in Sources */ = {isa = PBXBuildFile; fileRef = 4C7A2E5FB9D14038A220261C /* SessionContextMenuTests.swift */; };
		78E47BC111FE60AB7613FA3D /* MenuBarController.swift in Sources */ = {isa = PBXBuildFile; fileRef = E010092C3F547CDAA535B766 /* MenuBarController.swift */; };
		21B815180974289417756888 /* MenuBarControllerTests.swift in Sources */ = {isa = PBXBuildFile; fileRef = CB10AC26ADD4F846DEA536FE /* MenuBarControllerTests.swift */; };
		4C7A2E5FB9D14038A2202621 /* ReviewPanel.swift in Sources */ = {isa = PBXBuildFile; fileRef = 4C7A2E5FB9D14038A2202620 /* ReviewPanel.swift */; };
		6B92E4C7A1D35F80B2C4E6A9 /* HomeView.swift in Sources */ = {isa = PBXBuildFile; fileRef = 0D31F7A2C4E85B96D1A3F508 /* HomeView.swift */; };
		806209706ED5DB1230917149 /* HomeDropdown.swift in Sources */ = {isa = PBXBuildFile; fileRef = 753809FAD75C3450B51A156F /* HomeDropdown.swift */; };
		9C4D2E7B5A1F4C8E9B3D6A02 /* SettingsSurfaceView.swift in Sources */ = {isa = PBXBuildFile; fileRef = 9C4D2E7B5A1F4C8E9B3D6A01 /* SettingsSurfaceView.swift */; };
		9F4D2B8E6C1A35D7E9B0C246 /* HomeViewTests.swift in Sources */ = {isa = PBXBuildFile; fileRef = 3E7A9C1B5D2F48C6A0E8B357 /* HomeViewTests.swift */; };
		06E8AD4715E1A5FAA52F3A1C /* HomeDropdownTests.swift in Sources */ = {isa = PBXBuildFile; fileRef = 6724ACB426D2F9BB625977DD /* HomeDropdownTests.swift */; };
		4C7A2E5FB9D14038A2202623 /* ReviewPanelView.swift in Sources */ = {isa = PBXBuildFile; fileRef = 4C7A2E5FB9D14038A2202622 /* ReviewPanelView.swift */; };
		4C7A2E5FB9D14038A2202627 /* ReviewPanelFilesView.swift in Sources */ = {isa = PBXBuildFile; fileRef = 4C7A2E5FB9D14038A2202626 /* ReviewPanelFilesView.swift */; };
		4C7A2E5FB9D14038A220262B /* ReviewPanelChangesView.swift in Sources */ = {isa = PBXBuildFile; fileRef = 4C7A2E5FB9D14038A220262A /* ReviewPanelChangesView.swift */; };
		4C7A2E5FB9D14038A2202625 /* ReviewPanelTests.swift in Sources */ = {isa = PBXBuildFile; fileRef = 4C7A2E5FB9D14038A2202624 /* ReviewPanelTests.swift */; };
		4C7A2E5FB9D14038A2202629 /* ReviewPanelFilesViewTests.swift in Sources */ = {isa = PBXBuildFile; fileRef = 4C7A2E5FB9D14038A2202628 /* ReviewPanelFilesViewTests.swift */; };
		4C7A2E5FB9D14038A220262D /* ReviewPanelChangesViewTests.swift in Sources */ = {isa = PBXBuildFile; fileRef = 4C7A2E5FB9D14038A220262C /* ReviewPanelChangesViewTests.swift */; };
		4C7A2E5FB9D14038A220262F /* ReviewPanelBrowserView.swift in Sources */ = {isa = PBXBuildFile; fileRef = 4C7A2E5FB9D14038A220262E /* ReviewPanelBrowserView.swift */; };
		4C7A2E5FB9D14038A2202631 /* ReviewPanelBrowserViewTests.swift in Sources */ = {isa = PBXBuildFile; fileRef = 4C7A2E5FB9D14038A2202630 /* ReviewPanelBrowserViewTests.swift */; };
		4C7A2E5FB9D14038A2202633 /* ReviewPanelInsightsView.swift in Sources */ = {isa = PBXBuildFile; fileRef = 4C7A2E5FB9D14038A2202632 /* ReviewPanelInsightsView.swift */; };
		4C7A2E5FB9D14038A2202635 /* ReviewPanelInsightsViewTests.swift in Sources */ = {isa = PBXBuildFile; fileRef = 4C7A2E5FB9D14038A2202634 /* ReviewPanelInsightsViewTests.swift */; };
		3A7E4B21D95C4F6E8A102028 /* NavigationSidebarTests.swift in Sources */ = {isa = PBXBuildFile; fileRef = 3A7E4B21D95C4F6E8A102029 /* NavigationSidebarTests.swift */; };
		10000000000000000000098 /* PaneAsk.swift in Sources */ = {isa = PBXBuildFile; fileRef = 20000000000000000000098 /* PaneAsk.swift */; };
		10000000000000000000107 /* PaneShortcutHint.swift in Sources */ = {isa = PBXBuildFile; fileRef = 20000000000000000000107 /* PaneShortcutHint.swift */; };
		10000000000000000000095 /* PaneApprovalBarTests.swift in Sources */ = {isa = PBXBuildFile; fileRef = 20000000000000000000095 /* PaneApprovalBarTests.swift */; };
		10000000000000000000093 /* BrowserPanesTests.swift in Sources */ = {isa = PBXBuildFile; fileRef = 20000000000000000000093 /* BrowserPanesTests.swift */; };
		100000000000000000000B1 /* EditorPaneModelTests.swift in Sources */ = {isa = PBXBuildFile; fileRef = 200000000000000000000B1 /* EditorPaneModelTests.swift */; };
		69D406BCC81448EF8CA13D9D /* EditorPanesTests.swift in Sources */ = {isa = PBXBuildFile; fileRef = 2639724864074430BA56B5D3 /* EditorPanesTests.swift */; };
		34A6BF2B1B324F22ACCD3693 /* EditorFileClassTests.swift in Sources */ = {isa = PBXBuildFile; fileRef = FD2DAF7A30B04EABB3A14693 /* EditorFileClassTests.swift */; };
		FE04177400364E128B31DF7B /* EditorWebViewTests.swift in Sources */ = {isa = PBXBuildFile; fileRef = 52E91EFADEB4413DA81A96F8 /* EditorWebViewTests.swift */; };
		2ADA9E4CC4CE4F37B25A421B /* EditorPaneViewTests.swift in Sources */ = {isa = PBXBuildFile; fileRef = 9BF1B274379647B88A0DBA04 /* EditorPaneViewTests.swift */; };
		3C1E9A5F7D0B42E1A8460F31 /* EditorPaneIntegrationTests.swift in Sources */ = {isa = PBXBuildFile; fileRef = 7A44D2B60E9C41D8B5721CA3 /* EditorPaneIntegrationTests.swift */; };
		1ECF599C46245E2BA8447FC1 /* GitFileContentTests.swift in Sources */ = {isa = PBXBuildFile; fileRef = BE0A2CB26F101E0CCC68EFBA /* GitFileContentTests.swift */; };
		5B2F70C41A8E4D6C9E33A017 /* DoublePressDetectorTests.swift in Sources */ = {isa = PBXBuildFile; fileRef = 9D48E1B36C2F4A70B15D8E22 /* DoublePressDetectorTests.swift */; };
		F2729C0CEE50441882BFD7A7 /* MediaTabViewTests.swift in Sources */ = {isa = PBXBuildFile; fileRef = 6C15DA4028034799A71F586F /* MediaTabViewTests.swift */; };
		1B7BF5CE3D794B919522855C /* EditorTabStripViewTests.swift in Sources */ = {isa = PBXBuildFile; fileRef = F2210BEDBBCF478A9EA96D02 /* EditorTabStripViewTests.swift */; };
		A14D8E2F5C7B41A69D3E0021 /* EditorTabDragTests.swift in Sources */ = {isa = PBXBuildFile; fileRef = A14D8E2F5C7B41A69D3E0020 /* EditorTabDragTests.swift */; };
		10000000000000000000000A /* WorkspaceWindowController.swift in Sources */ = {isa = PBXBuildFile; fileRef = 20000000000000000000000B /* WorkspaceWindowController.swift */; };
		10000000000000000000000B /* AppDelegate.swift in Sources */ = {isa = PBXBuildFile; fileRef = 20000000000000000000000C /* AppDelegate.swift */; };
		10000000000000000000000C /* PaneGrid.swift in Sources */ = {isa = PBXBuildFile; fileRef = 20000000000000000000000D /* PaneGrid.swift */; };
		580DD27D3BF5D316803F4967 /* PaneFilmstripTests.swift in Sources */ = {isa = PBXBuildFile; fileRef = 88CC1E88FE578644F84AE3A7 /* PaneFilmstripTests.swift */; };
		10000000000000000000000D /* PaneGridTests.swift in Sources */ = {isa = PBXBuildFile; fileRef = 20000000000000000000000E /* PaneGridTests.swift */; };
		10000000000000000000000E /* PaneWorkspaceView.swift in Sources */ = {isa = PBXBuildFile; fileRef = 20000000000000000000000F /* PaneWorkspaceView.swift */; };
		10000000000000000000000F /* PaneWorkspaceViewTests.swift in Sources */ = {isa = PBXBuildFile; fileRef = 200000000000000000000010 /* PaneWorkspaceViewTests.swift */; };
		100000000000000000000010 /* pane-grid.json in Resources */ = {isa = PBXBuildFile; fileRef = 200000000000000000000011 /* pane-grid.json */; };
		10000000000000000000049 /* Assets.xcassets in Resources */ = {isa = PBXBuildFile; fileRef = 20000000000000000000049 /* Assets.xcassets */; };
		4448686B93364960B97876AB /* monaco in Resources */ = {isa = PBXBuildFile; fileRef = A04759722BBF431AA1576C0D /* monaco */; };
		464E94D28332A4BAF9719F5B /* home-suggestions.json in Resources */ = {isa = PBXBuildFile; fileRef = 2476AE295F8DA866C43307D8 /* home-suggestions.json */; };
		100000000000000000000011 /* PersistedLayout.swift in Sources */ = {isa = PBXBuildFile; fileRef = 200000000000000000000012 /* PersistedLayout.swift */; };
		100000000000000000000012 /* PersistedLayoutTests.swift in Sources */ = {isa = PBXBuildFile; fileRef = 200000000000000000000013 /* PersistedLayoutTests.swift */; };
		100000000000000000000013 /* SettingsKeys.swift in Sources */ = {isa = PBXBuildFile; fileRef = 200000000000000000000014 /* SettingsKeys.swift */; };
		100000000000000000000014 /* WorkspaceRestoration.swift in Sources */ = {isa = PBXBuildFile; fileRef = 200000000000000000000015 /* WorkspaceRestoration.swift */; };
		100000000000000000000015 /* WorkspaceRestorationTests.swift in Sources */ = {isa = PBXBuildFile; fileRef = 200000000000000000000016 /* WorkspaceRestorationTests.swift */; };
		100000000000000000000016 /* NotificationFeed.swift in Sources */ = {isa = PBXBuildFile; fileRef = 200000000000000000000017 /* NotificationFeed.swift */; };
		100000000000000000000017 /* NotificationFeedTests.swift in Sources */ = {isa = PBXBuildFile; fileRef = 200000000000000000000018 /* NotificationFeedTests.swift */; };
		100000000000000000000018 /* SessionNotifier.swift in Sources */ = {isa = PBXBuildFile; fileRef = 200000000000000000000019 /* SessionNotifier.swift */; };
		100000000000000000000019 /* SessionNotifierTests.swift in Sources */ = {isa = PBXBuildFile; fileRef = 20000000000000000000001A /* SessionNotifierTests.swift */; };
		10000000000000000000001A /* SessionOutline.swift in Sources */ = {isa = PBXBuildFile; fileRef = 20000000000000000000001B /* SessionOutline.swift */; };
		10000000000000000000001C /* SessionOutlineTests.swift in Sources */ = {isa = PBXBuildFile; fileRef = 20000000000000000000001D /* SessionOutlineTests.swift */; };
		10000000000000000000001D /* CommandPalette.swift in Sources */ = {isa = PBXBuildFile; fileRef = 20000000000000000000001E /* CommandPalette.swift */; };
		10000000000000000000001E /* CommandPaletteController.swift in Sources */ = {isa = PBXBuildFile; fileRef = 20000000000000000000001F /* CommandPaletteController.swift */; };
		10000000000000000000001F /* WorkspaceToolbar.swift in Sources */ = {isa = PBXBuildFile; fileRef = 200000000000000000000020 /* WorkspaceToolbar.swift */; };
		100000000000000000000020 /* CommandPaletteTests.swift in Sources */ = {isa = PBXBuildFile; fileRef = 200000000000000000000021 /* CommandPaletteTests.swift */; };
		10000000000000000000021 /* SettingsStore.swift in Sources */ = {isa = PBXBuildFile; fileRef = 20000000000000000000022 /* SettingsStore.swift */; };
		10000000000000000000022 /* BrainClients.swift in Sources */ = {isa = PBXBuildFile; fileRef = 20000000000000000000023 /* BrainClients.swift */; };
		10000000000000000000023 /* AuthGateState.swift in Sources */ = {isa = PBXBuildFile; fileRef = 20000000000000000000024 /* AuthGateState.swift */; };
		10000000000000000000024 /* AuthGateView.swift in Sources */ = {isa = PBXBuildFile; fileRef = 20000000000000000000025 /* AuthGateView.swift */; };
		10000000000000000000025 /* OnboardingState.swift in Sources */ = {isa = PBXBuildFile; fileRef = 20000000000000000000026 /* OnboardingState.swift */; };
		10000000000000000000026 /* FirstRunView.swift in Sources */ = {isa = PBXBuildFile; fileRef = 20000000000000000000027 /* FirstRunView.swift */; };
		10000000000000000000027 /* UsageAnalytics.swift in Sources */ = {isa = PBXBuildFile; fileRef = 20000000000000000000028 /* UsageAnalytics.swift */; };
		3C79DAE2B6784E89B68B9852 /* PrivacyInfo.xcprivacy in Resources */ = {isa = PBXBuildFile; fileRef = 72D867AAA65744B6AC1DEF5F /* PrivacyInfo.xcprivacy */; };
		F14F7EAC88714C078186E91F /* Legal in Resources */ = {isa = PBXBuildFile; fileRef = 77CF5C0FD5C94551B0417D0C /* Legal */; };
		C3024C087D6F4DADA9845AB1 /* WebInspectorPolicy.swift in Sources */ = {isa = PBXBuildFile; fileRef = 81B5B5348C434CA695944307 /* WebInspectorPolicy.swift */; };
		18B748EEB5DE415291BCB67E /* RelayClient.swift in Sources */ = {isa = PBXBuildFile; fileRef = B5598A0B7CA74385AE68E475 /* RelayClient.swift */; };
		176CDA10539F4F8EBF64D0C3 /* RemoteControlProjection.swift in Sources */ = {isa = PBXBuildFile; fileRef = 89BE6AB17AE744BD8E7AB2B2 /* RemoteControlProjection.swift */; };
		76D969FAC8EE465EADA8C6B2 /* RemoteMachinesModel.swift in Sources */ = {isa = PBXBuildFile; fileRef = 04E0141C344F4A5D8B4E053D /* RemoteMachinesModel.swift */; };
		F0B34726F69E4D4E90427E2C /* PredictiveEchoModel.swift in Sources */ = {isa = PBXBuildFile; fileRef = 667DDB0CD8F44D5F8AAE32AD /* PredictiveEchoModel.swift */; };
		1708611130EF44F080D129AB /* PredictiveEchoOverlayView.swift in Sources */ = {isa = PBXBuildFile; fileRef = 86D7DE1558DC4E378D4D62D4 /* PredictiveEchoOverlayView.swift */; };
		90B4703DEB494EDAB13B6C95 /* BundleComplianceTests.swift in Sources */ = {isa = PBXBuildFile; fileRef = 9A1747AC3E564C5695E2A6CA /* BundleComplianceTests.swift */; };
		3EBCCF1D18484408B3FD3D10 /* WebInspectorPolicyTests.swift in Sources */ = {isa = PBXBuildFile; fileRef = 7DB576BDDDFE4FE891EC5B0E /* WebInspectorPolicyTests.swift */; };
		A86BB6E324284F228230ED97 /* SessionConnectionWebSocketTests.swift in Sources */ = {isa = PBXBuildFile; fileRef = 386551E034894649836C21ED /* SessionConnectionWebSocketTests.swift */; };
		006571FD75CE4F37A952663C /* RelayClientTests.swift in Sources */ = {isa = PBXBuildFile; fileRef = 0589B469C1D24C85B483D7FA /* RelayClientTests.swift */; };
		EF869FA5F880464AAF60464C /* RemoteControlProjectionTests.swift in Sources */ = {isa = PBXBuildFile; fileRef = 8E75C20F7A074C768581A8A6 /* RemoteControlProjectionTests.swift */; };
		99AA164ED3A349D5ABDD963D /* RemoteMachinesModelTests.swift in Sources */ = {isa = PBXBuildFile; fileRef = EA557DDC2EDC466F84FBB88A /* RemoteMachinesModelTests.swift */; };
		BA524298D19449349AF94799 /* PredictiveEchoModelTests.swift in Sources */ = {isa = PBXBuildFile; fileRef = A1424334A93A4BE39629BE7B /* PredictiveEchoModelTests.swift */; };
		10000000000000000000028 /* UsageAnalyticsRecorder.swift in Sources */ = {isa = PBXBuildFile; fileRef = 20000000000000000000029 /* UsageAnalyticsRecorder.swift */; };
		10000000000000000000029 /* UsageView.swift in Sources */ = {isa = PBXBuildFile; fileRef = 2000000000000000000002A /* UsageView.swift */; };
		1000000000000000000002A /* InspectorView.swift in Sources */ = {isa = PBXBuildFile; fileRef = 2000000000000000000002B /* InspectorView.swift */; };
		1000000000000000000002B /* SettingsView.swift in Sources */ = {isa = PBXBuildFile; fileRef = 2000000000000000000002C /* SettingsView.swift */; };
		1000000000000000000002C /* SettingsStoreTests.swift in Sources */ = {isa = PBXBuildFile; fileRef = 2000000000000000000002D /* SettingsStoreTests.swift */; };
		1000000000000000000002D /* AuthGateStateTests.swift in Sources */ = {isa = PBXBuildFile; fileRef = 2000000000000000000002E /* AuthGateStateTests.swift */; };
		1000000000000000000002E /* AuthGateCoordinatorTests.swift in Sources */ = {isa = PBXBuildFile; fileRef = 2000000000000000000002F /* AuthGateCoordinatorTests.swift */; };
		1000000000000000000002F /* OnboardingStateTests.swift in Sources */ = {isa = PBXBuildFile; fileRef = 20000000000000000000030 /* OnboardingStateTests.swift */; };
		10000000000000000000030 /* FirstRunViewModelTests.swift in Sources */ = {isa = PBXBuildFile; fileRef = 20000000000000000000031 /* FirstRunViewModelTests.swift */; };
		10000000000000000000031 /* UsageAnalyticsTests.swift in Sources */ = {isa = PBXBuildFile; fileRef = 20000000000000000000032 /* UsageAnalyticsTests.swift */; };
		10000000000000000000032 /* UsageAnalyticsRecorderTests.swift in Sources */ = {isa = PBXBuildFile; fileRef = 20000000000000000000033 /* UsageAnalyticsRecorderTests.swift */; };
		10000000000000000000033 /* BrainAdminClientTestDouble.swift in Sources */ = {isa = PBXBuildFile; fileRef = 20000000000000000000034 /* BrainAdminClientTestDouble.swift */; };
		10000000000000000000034 /* InspectorViewModelTests.swift in Sources */ = {isa = PBXBuildFile; fileRef = 20000000000000000000035 /* InspectorViewModelTests.swift */; };
		10000000000000000000035 /* UsageViewModelTests.swift in Sources */ = {isa = PBXBuildFile; fileRef = 20000000000000000000036 /* UsageViewModelTests.swift */; };
		10000000000000000000036 /* SettingsViewModelTests.swift in Sources */ = {isa = PBXBuildFile; fileRef = 20000000000000000000037 /* SettingsViewModelTests.swift */; };
		10000000000000000000999 /* RealPreferencesGuard.swift in Sources */ = {isa = PBXBuildFile; fileRef = 20000000000000000000999 /* RealPreferencesGuard.swift */; };
		10000000000000000000037 /* WorkspaceWindowControllerTask6b2Tests.swift in Sources */ = {isa = PBXBuildFile; fileRef = 20000000000000000000038 /* WorkspaceWindowControllerTask6b2Tests.swift */; };
		10000000000000000000038 /* DaemonPersistence.swift in Sources */ = {isa = PBXBuildFile; fileRef = 20000000000000000000039 /* DaemonPersistence.swift */; };
		10000000000000000000108 /* AccountDirectory.swift in Sources */ = {isa = PBXBuildFile; fileRef = 20000000000000000000108 /* AccountDirectory.swift */; };
		10000000000000000000109 /* AccountDirectoryTests.swift in Sources */ = {isa = PBXBuildFile; fileRef = 20000000000000000000109 /* AccountDirectoryTests.swift */; };
		1000000000000000000003A /* DaemonServiceRegistrar.swift in Sources */ = {isa = PBXBuildFile; fileRef = 2000000000000000000003B /* DaemonServiceRegistrar.swift */; };
		1000000000000000000003C /* DaemonPersistenceController.swift in Sources */ = {isa = PBXBuildFile; fileRef = 2000000000000000000003D /* DaemonPersistenceController.swift */; };
		1000000000000000000003E /* DaemonPersistenceTests.swift in Sources */ = {isa = PBXBuildFile; fileRef = 2000000000000000000003F /* DaemonPersistenceTests.swift */; };
		10000000000000000000040 /* DaemonPersistenceControllerTests.swift in Sources */ = {isa = PBXBuildFile; fileRef = 20000000000000000000041 /* DaemonPersistenceControllerTests.swift */; };
		10000000000000000000042 /* DaemonServiceRegistrarTests.swift in Sources */ = {isa = PBXBuildFile; fileRef = 20000000000000000000043 /* DaemonServiceRegistrarTests.swift */; };
		10000000000000000000044 /* NativeMacosCompatibilityFixtureTests.swift in Sources */ = {isa = PBXBuildFile; fileRef = 20000000000000000000045 /* NativeMacosCompatibilityFixtureTests.swift */; };
		10000000000000000000045 /* persisted-layout.json in Resources */ = {isa = PBXBuildFile; fileRef = 20000000000000000000046 /* persisted-layout.json */; };
		10000000000000000000046 /* rust-session-models.json in Resources */ = {isa = PBXBuildFile; fileRef = 20000000000000000000047 /* rust-session-models.json */; };
		10000000000000000000047 /* status-end-events.json in Resources */ = {isa = PBXBuildFile; fileRef = 20000000000000000000048 /* status-end-events.json */; };
		10000000000000000000050 /* WorkspaceShell.swift in Sources */ = {isa = PBXBuildFile; fileRef = 20000000000000000000050 /* WorkspaceShell.swift */; };
		10000000000000000000051 /* WorkspaceShellTests.swift in Sources */ = {isa = PBXBuildFile; fileRef = 20000000000000000000051 /* WorkspaceShellTests.swift */; };
		10000000000000000000052 /* EngineIcon.swift in Sources */ = {isa = PBXBuildFile; fileRef = 20000000000000000000052 /* EngineIcon.swift */; };
		10000000000000000000060 /* WorkspaceFiles.swift in Sources */ = {isa = PBXBuildFile; fileRef = 20000000000000000000060 /* WorkspaceFiles.swift */; };
		10000000000000000000070 /* EngineLauncher.swift in Sources */ = {isa = PBXBuildFile; fileRef = 20000000000000000000070 /* EngineLauncher.swift */; };
		10000000000000000000099 /* ClaudeTranscript.swift in Sources */ = {isa = PBXBuildFile; fileRef = 20000000000000000000099 /* ClaudeTranscript.swift */; };
		10000000000000000000100 /* PaneAppView.swift in Sources */ = {isa = PBXBuildFile; fileRef = 20000000000000000000100 /* PaneAppView.swift */; };
		10000000000000000000101 /* PaneAppMessageRow.swift in Sources */ = {isa = PBXBuildFile; fileRef = 20000000000000000000101 /* PaneAppMessageRow.swift */; };
		10000000000000000000102 /* PaneAppSystemBlocks.swift in Sources */ = {isa = PBXBuildFile; fileRef = 20000000000000000000102 /* PaneAppSystemBlocks.swift */; };
		10000000000000000000104 /* ClaudeUsageLimits.swift in Sources */ = {isa = PBXBuildFile; fileRef = 20000000000000000000104 /* ClaudeUsageLimits.swift */; };
		10000000000000000000106 /* SidebarClaudeLimitsView.swift in Sources */ = {isa = PBXBuildFile; fileRef = 20000000000000000000106 /* SidebarClaudeLimitsView.swift */; };
		10000000000000000000061 /* WorkspaceFilesTests.swift in Sources */ = {isa = PBXBuildFile; fileRef = 20000000000000000000061 /* WorkspaceFilesTests.swift */; };
		10000000000000000000071 /* EngineLauncherTests.swift in Sources */ = {isa = PBXBuildFile; fileRef = 20000000000000000000071 /* EngineLauncherTests.swift */; };
		FC3606719F77D1F856C827D9 /* ClaudeTranscriptTests.swift in Sources */ = {isa = PBXBuildFile; fileRef = 712943C7B868840E1BB009CB /* ClaudeTranscriptTests.swift */; };
		A00517B4FA93E5FDEADE27DF /* PaneAppViewTests.swift in Sources */ = {isa = PBXBuildFile; fileRef = 8623C15B469687448C65CB4C /* PaneAppViewTests.swift */; };
		10000000000000000000103 /* PaneAppSystemBlocksTests.swift in Sources */ = {isa = PBXBuildFile; fileRef = 20000000000000000000103 /* PaneAppSystemBlocksTests.swift */; };
		10000000000000000000105 /* ClaudeUsageLimitsTests.swift in Sources */ = {isa = PBXBuildFile; fileRef = 20000000000000000000105 /* ClaudeUsageLimitsTests.swift */; };
		2554343CE87E2D615945A793 /* PaneViewModeTests.swift in Sources */ = {isa = PBXBuildFile; fileRef = 4ED45FD94552610C3C4DE5D2 /* PaneViewModeTests.swift */; };
		100000000000000000000A0 /* AuthClient.swift in Sources */ = {isa = PBXBuildFile; fileRef = 200000000000000000000A0 /* AuthClient.swift */; };
		100000000000000000000A1 /* AuthClientTests.swift in Sources */ = {isa = PBXBuildFile; fileRef = 200000000000000000000A1 /* AuthClientTests.swift */; };
/* End PBXBuildFile section */

/* Begin PBXContainerItemProxy section */
		300000000000000000000001 /* PBXContainerItemProxy */ = {
			isa = PBXContainerItemProxy;
			containerPortal = 700000000000000000000001 /* Project object */;
			proxyType = 1;
			remoteGlobalIDString = 600000000000000000000001;
			remoteInfo = OmniAgent;
		};
/* End PBXContainerItemProxy section */

/* Begin PBXShellScriptBuildPhase section */
		C00000000000000000000001 /* Embed PTY Daemon + LaunchAgent Plists (non-Debug) */ = {
			isa = PBXShellScriptBuildPhase;
			alwaysOutOfDate = 1;
			buildActionMask = 2147483647;
			files = (
			);
			inputPaths = (
				"$(SRCROOT)/../target/native-macos-embed/omniagent-pty-daemon",
				"$(SRCROOT)/../target/native-macos-embed/$(PRODUCT_BUNDLE_IDENTIFIER).pty-daemon.plist",
			);
			name = "Embed PTY Daemon + LaunchAgent Plists (non-Debug)";
			outputPaths = (
				"$(BUILT_PRODUCTS_DIR)/$(CONTENTS_FOLDER_PATH)/MacOS/omniagent-pty-daemon",
				"$(BUILT_PRODUCTS_DIR)/$(CONTENTS_FOLDER_PATH)/Library/LaunchAgents/$(PRODUCT_BUNDLE_IDENTIFIER).pty-daemon.plist",
			);
			runOnlyForDeploymentPostprocessing = 0;
			shellPath = "/bin/sh";
			shellScript = "if [ \"$CONFIGURATION\" = \"Debug\" ]; then\n  echo \"note: skipping daemon binary + LaunchAgent plist embed for the Debug configuration (no Rust toolchain required for plain builds/tests).\"\n  exit 0\nfi\nSTAGE=\"$SRCROOT/../target/native-macos-embed\"\nDEST_MACOS=\"$BUILT_PRODUCTS_DIR/$CONTENTS_FOLDER_PATH/MacOS\"\nDEST_LAUNCH_AGENTS=\"$BUILT_PRODUCTS_DIR/$CONTENTS_FOLDER_PATH/Library/LaunchAgents\"\n# Exactly ONE plist: this bundle's own channel. embed-daemon.sh stages both\n# (production and preview) and this phase used to copy both, which put the\n# preview plist -- which bakes in the BUILD MACHINE's literal $HOME under\n# EnvironmentVariables -- inside notarized production artifacts shipped to\n# other people (final whole-branch review, Minor #5). The name is derived\n# from PRODUCT_BUNDLE_IDENTIFIER, the same \"<bundle id>.pty-daemon\" rule\n# DaemonPaths.resolve/DaemonLaunchAgentPlist apply in Swift\n# (macos/OmniAgent/DaemonPersistence.swift).\nPLIST=\"$PRODUCT_BUNDLE_IDENTIFIER.pty-daemon.plist\"\nif [ ! -x \"$STAGE/omniagent-pty-daemon\" ]; then\n  echo \"error: $STAGE/omniagent-pty-daemon not found. Run macos/embed-daemon.sh (or macos/build.sh universal) before building the $CONFIGURATION configuration.\" >&2\n  exit 1\nfi\nif [ ! -f \"$STAGE/$PLIST\" ]; then\n  echo \"error: $STAGE/$PLIST not found. Run macos/embed-daemon.sh (or macos/build.sh universal) before building the $CONFIGURATION configuration.\" >&2\n  exit 1\nfi\nmkdir -p \"$DEST_MACOS\" \"$DEST_LAUNCH_AGENTS\"\ncp -f \"$STAGE/omniagent-pty-daemon\" \"$DEST_MACOS/omniagent-pty-daemon\"\nchmod 755 \"$DEST_MACOS/omniagent-pty-daemon\"\n# Drop anything an earlier build of the *other* channel left in an\n# incremental build directory, so a bundle can never end up carrying two.\nrm -f \"$DEST_LAUNCH_AGENTS\"/*.plist\ncp -f \"$STAGE/$PLIST\" \"$DEST_LAUNCH_AGENTS/$PLIST\"\nchmod 644 \"$DEST_LAUNCH_AGENTS/$PLIST\"\n";
		};
/* End PBXShellScriptBuildPhase section */

/* Begin PBXFileReference section */
		200000000000000000000001 /* main.swift */ = {isa = PBXFileReference; lastKnownFileType = sourcecode.swift; path = main.swift; sourceTree = "<group>"; };
		200000000000000000000002 /* FrameCodecTests.swift */ = {isa = PBXFileReference; lastKnownFileType = sourcecode.swift; path = FrameCodecTests.swift; sourceTree = "<group>"; };
		200000000000000000000003 /* OmniAgent.app */ = {isa = PBXFileReference; explicitFileType = wrapper.application; includeInIndex = 0; path = OmniAgent.app; sourceTree = BUILT_PRODUCTS_DIR; };
		200000000000000000000004 /* OmniAgentTests.xctest */ = {isa = PBXFileReference; explicitFileType = wrapper.cfbundle; includeInIndex = 0; path = OmniAgentTests.xctest; sourceTree = BUILT_PRODUCTS_DIR; };
		200000000000000000000005 /* SessionProtocol.swift */ = {isa = PBXFileReference; lastKnownFileType = sourcecode.swift; path = SessionProtocol.swift; sourceTree = "<group>"; };
		200000000000000000000006 /* SessionConnectionTests.swift */ = {isa = PBXFileReference; lastKnownFileType = sourcecode.swift; path = SessionConnectionTests.swift; sourceTree = "<group>"; };
		200000000000000000000007 /* SessionConnection.swift */ = {isa = PBXFileReference; lastKnownFileType = sourcecode.swift; path = SessionConnection.swift; sourceTree = "<group>"; };
		200000000000000000000008 /* WorkspaceWindowControllerTests.swift */ = {isa = PBXFileReference; lastKnownFileType = sourcecode.swift; path = WorkspaceWindowControllerTests.swift; sourceTree = "<group>"; };
		200000000000000000000009 /* Instrumentation.swift */ = {isa = PBXFileReference; lastKnownFileType = sourcecode.swift; path = Instrumentation.swift; sourceTree = "<group>"; };
		20000000000000000000000A /* TerminalSurfaceView.swift */ = {isa = PBXFileReference; lastKnownFileType = sourcecode.swift; path = TerminalSurfaceView.swift; sourceTree = "<group>"; };
		20000000000000000000080 /* PaneContentView.swift */ = {isa = PBXFileReference; lastKnownFileType = sourcecode.swift; path = PaneContentView.swift; sourceTree = "<group>"; };
		20000000000000000000090 /* BrowserPaneView.swift */ = {isa = PBXFileReference; lastKnownFileType = sourcecode.swift; path = BrowserPaneView.swift; sourceTree = "<group>"; };
		20000000000000000000091 /* BrowserPaneViewTests.swift */ = {isa = PBXFileReference; lastKnownFileType = sourcecode.swift; path = BrowserPaneViewTests.swift; sourceTree = "<group>"; };
		20000000000000000000092 /* BrowserPanes.swift */ = {isa = PBXFileReference; lastKnownFileType = sourcecode.swift; path = BrowserPanes.swift; sourceTree = "<group>"; };
		200000000000000000000B0 /* EditorPaneModel.swift */ = {isa = PBXFileReference; lastKnownFileType = sourcecode.swift; path = EditorPaneModel.swift; sourceTree = "<group>"; };
		BACAA95FB7844450B021094B /* EditorPanes.swift */ = {isa = PBXFileReference; lastKnownFileType = sourcecode.swift; path = EditorPanes.swift; sourceTree = "<group>"; };
		08B9844312A440D4A5A932C5 /* EditorFileClass.swift */ = {isa = PBXFileReference; lastKnownFileType = sourcecode.swift; path = EditorFileClass.swift; sourceTree = "<group>"; };
		C43E2B4CEEE6E8798AE14F29 /* GitFileContent.swift */ = {isa = PBXFileReference; lastKnownFileType = sourcecode.swift; path = GitFileContent.swift; sourceTree = "<group>"; };
		157B822C99ACE707C21FDF16 /* PaneFilmstrip.swift */ = {isa = PBXFileReference; lastKnownFileType = sourcecode.swift; path = PaneFilmstrip.swift; sourceTree = "<group>"; };
		7A6200BA1CA6B4895D134437 /* PaneFilmstripItemView.swift */ = {isa = PBXFileReference; lastKnownFileType = sourcecode.swift; path = PaneFilmstripItemView.swift; sourceTree = "<group>"; };
		2F8D45A9B1E64C7290EA3D16 /* DoublePressDetector.swift */ = {isa = PBXFileReference; lastKnownFileType = sourcecode.swift; path = DoublePressDetector.swift; sourceTree = "<group>"; };
		804C0D63AE9348399ED44B65 /* EditorWebView.swift */ = {isa = PBXFileReference; lastKnownFileType = sourcecode.swift; path = EditorWebView.swift; sourceTree = "<group>"; };
		9C05BB92321E4D168F6F8F55 /* EditorPaneView.swift */ = {isa = PBXFileReference; lastKnownFileType = sourcecode.swift; path = EditorPaneView.swift; sourceTree = "<group>"; };
		1422F1A7E3B9416382854F44 /* MediaTabView.swift */ = {isa = PBXFileReference; lastKnownFileType = sourcecode.swift; path = MediaTabView.swift; sourceTree = "<group>"; };
		CF6FC80108EE44A497708D9A /* EditorTabStripView.swift */ = {isa = PBXFileReference; lastKnownFileType = sourcecode.swift; path = EditorTabStripView.swift; sourceTree = "<group>"; };
		A14D8E2F5C7B41A69D3E0010 /* EditorTabDrag.swift */ = {isa = PBXFileReference; lastKnownFileType = sourcecode.swift; path = EditorTabDrag.swift; sourceTree = "<group>"; };
		20000000000000000000093 /* BrowserPanesTests.swift */ = {isa = PBXFileReference; lastKnownFileType = sourcecode.swift; path = BrowserPanesTests.swift; sourceTree = "<group>"; };
		200000000000000000000B1 /* EditorPaneModelTests.swift */ = {isa = PBXFileReference; lastKnownFileType = sourcecode.swift; path = EditorPaneModelTests.swift; sourceTree = "<group>"; };
		2639724864074430BA56B5D3 /* EditorPanesTests.swift */ = {isa = PBXFileReference; lastKnownFileType = sourcecode.swift; path = EditorPanesTests.swift; sourceTree = "<group>"; };
		FD2DAF7A30B04EABB3A14693 /* EditorFileClassTests.swift */ = {isa = PBXFileReference; lastKnownFileType = sourcecode.swift; path = EditorFileClassTests.swift; sourceTree = "<group>"; };
		52E91EFADEB4413DA81A96F8 /* EditorWebViewTests.swift */ = {isa = PBXFileReference; lastKnownFileType = sourcecode.swift; path = EditorWebViewTests.swift; sourceTree = "<group>"; };
		9BF1B274379647B88A0DBA04 /* EditorPaneViewTests.swift */ = {isa = PBXFileReference; lastKnownFileType = sourcecode.swift; path = EditorPaneViewTests.swift; sourceTree = "<group>"; };
		7A44D2B60E9C41D8B5721CA3 /* EditorPaneIntegrationTests.swift */ = {isa = PBXFileReference; lastKnownFileType = sourcecode.swift; path = EditorPaneIntegrationTests.swift; sourceTree = "<group>"; };
		BE0A2CB26F101E0CCC68EFBA /* GitFileContentTests.swift */ = {isa = PBXFileReference; lastKnownFileType = sourcecode.swift; path = GitFileContentTests.swift; sourceTree = "<group>"; };
		9D48E1B36C2F4A70B15D8E22 /* DoublePressDetectorTests.swift */ = {isa = PBXFileReference; lastKnownFileType = sourcecode.swift; path = DoublePressDetectorTests.swift; sourceTree = "<group>"; };
		6C15DA4028034799A71F586F /* MediaTabViewTests.swift */ = {isa = PBXFileReference; lastKnownFileType = sourcecode.swift; path = MediaTabViewTests.swift; sourceTree = "<group>"; };
		F2210BEDBBCF478A9EA96D02 /* EditorTabStripViewTests.swift */ = {isa = PBXFileReference; lastKnownFileType = sourcecode.swift; path = EditorTabStripViewTests.swift; sourceTree = "<group>"; };
		A14D8E2F5C7B41A69D3E0020 /* EditorTabDragTests.swift */ = {isa = PBXFileReference; lastKnownFileType = sourcecode.swift; path = EditorTabDragTests.swift; sourceTree = "<group>"; };
		20000000000000000000094 /* PaneApprovalBar.swift */ = {isa = PBXFileReference; lastKnownFileType = sourcecode.swift; path = PaneApprovalBar.swift; sourceTree = "<group>"; };
		20000000000000000000097 /* SessionHoverCardTests.swift */ = {isa = PBXFileReference; lastKnownFileType = sourcecode.swift; path = SessionHoverCardTests.swift; sourceTree = "<group>"; };
		20000000000000000000096 /* SessionHoverCard.swift */ = {isa = PBXFileReference; lastKnownFileType = sourcecode.swift; path = SessionHoverCard.swift; sourceTree = "<group>"; };
		3A7E4B21D95C4F6E8A102027 /* NavigationSidebar.swift */ = {isa = PBXFileReference; lastKnownFileType = sourcecode.swift; path = NavigationSidebar.swift; sourceTree = "<group>"; };
		4C7A2E5FB9D14038A2202608 /* WorkspacesTree.swift */ = {isa = PBXFileReference; lastKnownFileType = sourcecode.swift; path = WorkspacesTree.swift; sourceTree = "<group>"; };
		4C7A2E5FB9D14038A220260A /* WorkspacesHeaderMenus.swift */ = {isa = PBXFileReference; lastKnownFileType = sourcecode.swift; path = WorkspacesHeaderMenus.swift; sourceTree = "<group>"; };
		4C7A2E5FB9D14038A220260C /* WorkspacesHeaderMenusTests.swift */ = {isa = PBXFileReference; lastKnownFileType = sourcecode.swift; path = WorkspacesHeaderMenusTests.swift; sourceTree = "<group>"; };
		4C7A2E5FB9D14038A220260E /* WorkspaceCustomizations.swift */ = {isa = PBXFileReference; lastKnownFileType = sourcecode.swift; path = WorkspaceCustomizations.swift; sourceTree = "<group>"; };
		4C7A2E5FB9D14038A2202610 /* WorkspaceContextMenu.swift */ = {isa = PBXFileReference; lastKnownFileType = sourcecode.swift; path = WorkspaceContextMenu.swift; sourceTree = "<group>"; };
		4C7A2E5FB9D14038A2202612 /* WorkspaceCustomizationsTests.swift */ = {isa = PBXFileReference; lastKnownFileType = sourcecode.swift; path = WorkspaceCustomizationsTests.swift; sourceTree = "<group>"; };
		4C7A2E5FB9D14038A2202614 /* WorkspaceContextMenuTests.swift */ = {isa = PBXFileReference; lastKnownFileType = sourcecode.swift; path = WorkspaceContextMenuTests.swift; sourceTree = "<group>"; };
		4C7A2E5FB9D14038A2202616 /* SessionMeta.swift */ = {isa = PBXFileReference; lastKnownFileType = sourcecode.swift; path = SessionMeta.swift; sourceTree = "<group>"; };
		4C7A2E5FB9D14038A2202618 /* SessionContextMenu.swift */ = {isa = PBXFileReference; lastKnownFileType = sourcecode.swift; path = SessionContextMenu.swift; sourceTree = "<group>"; };
		4C7A2E5FB9D14038A220261A /* SessionMetaTests.swift */ = {isa = PBXFileReference; lastKnownFileType = sourcecode.swift; path = SessionMetaTests.swift; sourceTree = "<group>"; };
		4C7A2E5FB9D14038A220261C /* SessionContextMenuTests.swift */ = {isa = PBXFileReference; lastKnownFileType = sourcecode.swift; path = SessionContextMenuTests.swift; sourceTree = "<group>"; };
		E010092C3F547CDAA535B766 /* MenuBarController.swift */ = {isa = PBXFileReference; lastKnownFileType = sourcecode.swift; path = MenuBarController.swift; sourceTree = "<group>"; };
		CB10AC26ADD4F846DEA536FE /* MenuBarControllerTests.swift */ = {isa = PBXFileReference; lastKnownFileType = sourcecode.swift; path = MenuBarControllerTests.swift; sourceTree = "<group>"; };
		4C7A2E5FB9D14038A2202620 /* ReviewPanel.swift */ = {isa = PBXFileReference; lastKnownFileType = sourcecode.swift; path = ReviewPanel.swift; sourceTree = "<group>"; };
		0D31F7A2C4E85B96D1A3F508 /* HomeView.swift */ = {isa = PBXFileReference; lastKnownFileType = sourcecode.swift; path = HomeView.swift; sourceTree = "<group>"; };
		753809FAD75C3450B51A156F /* HomeDropdown.swift */ = {isa = PBXFileReference; lastKnownFileType = sourcecode.swift; path = HomeDropdown.swift; sourceTree = "<group>"; };
		9C4D2E7B5A1F4C8E9B3D6A01 /* SettingsSurfaceView.swift */ = {isa = PBXFileReference; lastKnownFileType = sourcecode.swift; path = SettingsSurfaceView.swift; sourceTree = "<group>"; };
		3E7A9C1B5D2F48C6A0E8B357 /* HomeViewTests.swift */ = {isa = PBXFileReference; lastKnownFileType = sourcecode.swift; path = HomeViewTests.swift; sourceTree = "<group>"; };
		6724ACB426D2F9BB625977DD /* HomeDropdownTests.swift */ = {isa = PBXFileReference; lastKnownFileType = sourcecode.swift; path = HomeDropdownTests.swift; sourceTree = "<group>"; };
		4C7A2E5FB9D14038A2202622 /* ReviewPanelView.swift */ = {isa = PBXFileReference; lastKnownFileType = sourcecode.swift; path = ReviewPanelView.swift; sourceTree = "<group>"; };
		4C7A2E5FB9D14038A2202626 /* ReviewPanelFilesView.swift */ = {isa = PBXFileReference; lastKnownFileType = sourcecode.swift; path = ReviewPanelFilesView.swift; sourceTree = "<group>"; };
		4C7A2E5FB9D14038A220262A /* ReviewPanelChangesView.swift */ = {isa = PBXFileReference; lastKnownFileType = sourcecode.swift; path = ReviewPanelChangesView.swift; sourceTree = "<group>"; };
		4C7A2E5FB9D14038A2202624 /* ReviewPanelTests.swift */ = {isa = PBXFileReference; lastKnownFileType = sourcecode.swift; path = ReviewPanelTests.swift; sourceTree = "<group>"; };
		4C7A2E5FB9D14038A2202628 /* ReviewPanelFilesViewTests.swift */ = {isa = PBXFileReference; lastKnownFileType = sourcecode.swift; path = ReviewPanelFilesViewTests.swift; sourceTree = "<group>"; };
		4C7A2E5FB9D14038A220262C /* ReviewPanelChangesViewTests.swift */ = {isa = PBXFileReference; lastKnownFileType = sourcecode.swift; path = ReviewPanelChangesViewTests.swift; sourceTree = "<group>"; };
		4C7A2E5FB9D14038A220262E /* ReviewPanelBrowserView.swift */ = {isa = PBXFileReference; lastKnownFileType = sourcecode.swift; path = ReviewPanelBrowserView.swift; sourceTree = "<group>"; };
		4C7A2E5FB9D14038A2202630 /* ReviewPanelBrowserViewTests.swift */ = {isa = PBXFileReference; lastKnownFileType = sourcecode.swift; path = ReviewPanelBrowserViewTests.swift; sourceTree = "<group>"; };
		4C7A2E5FB9D14038A2202632 /* ReviewPanelInsightsView.swift */ = {isa = PBXFileReference; lastKnownFileType = sourcecode.swift; path = ReviewPanelInsightsView.swift; sourceTree = "<group>"; };
		4C7A2E5FB9D14038A2202634 /* ReviewPanelInsightsViewTests.swift */ = {isa = PBXFileReference; lastKnownFileType = sourcecode.swift; path = ReviewPanelInsightsViewTests.swift; sourceTree = "<group>"; };
		3A7E4B21D95C4F6E8A102029 /* NavigationSidebarTests.swift */ = {isa = PBXFileReference; lastKnownFileType = sourcecode.swift; path = NavigationSidebarTests.swift; sourceTree = "<group>"; };
		20000000000000000000098 /* PaneAsk.swift */ = {isa = PBXFileReference; lastKnownFileType = sourcecode.swift; path = PaneAsk.swift; sourceTree = "<group>"; };
		20000000000000000000107 /* PaneShortcutHint.swift */ = {isa = PBXFileReference; lastKnownFileType = sourcecode.swift; path = PaneShortcutHint.swift; sourceTree = "<group>"; };
		20000000000000000000095 /* PaneApprovalBarTests.swift */ = {isa = PBXFileReference; lastKnownFileType = sourcecode.swift; path = PaneApprovalBarTests.swift; sourceTree = "<group>"; };
		20000000000000000000000B /* WorkspaceWindowController.swift */ = {isa = PBXFileReference; lastKnownFileType = sourcecode.swift; path = WorkspaceWindowController.swift; sourceTree = "<group>"; };
		20000000000000000000000C /* AppDelegate.swift */ = {isa = PBXFileReference; lastKnownFileType = sourcecode.swift; path = AppDelegate.swift; sourceTree = "<group>"; };
		20000000000000000000000D /* PaneGrid.swift */ = {isa = PBXFileReference; lastKnownFileType = sourcecode.swift; path = PaneGrid.swift; sourceTree = "<group>"; };
		88CC1E88FE578644F84AE3A7 /* PaneFilmstripTests.swift */ = {isa = PBXFileReference; lastKnownFileType = sourcecode.swift; path = PaneFilmstripTests.swift; sourceTree = "<group>"; };
		20000000000000000000000E /* PaneGridTests.swift */ = {isa = PBXFileReference; lastKnownFileType = sourcecode.swift; path = PaneGridTests.swift; sourceTree = "<group>"; };
		20000000000000000000000F /* PaneWorkspaceView.swift */ = {isa = PBXFileReference; lastKnownFileType = sourcecode.swift; path = PaneWorkspaceView.swift; sourceTree = "<group>"; };
		200000000000000000000010 /* PaneWorkspaceViewTests.swift */ = {isa = PBXFileReference; lastKnownFileType = sourcecode.swift; path = PaneWorkspaceViewTests.swift; sourceTree = "<group>"; };
		200000000000000000000011 /* pane-grid.json */ = {isa = PBXFileReference; lastKnownFileType = text.json; name = "pane-grid.json"; path = "../fixtures/native-macos-compat/pane-grid.json"; sourceTree = SOURCE_ROOT; };
		200000000000000000000012 /* PersistedLayout.swift */ = {isa = PBXFileReference; lastKnownFileType = sourcecode.swift; path = PersistedLayout.swift; sourceTree = "<group>"; };
		200000000000000000000013 /* PersistedLayoutTests.swift */ = {isa = PBXFileReference; lastKnownFileType = sourcecode.swift; path = PersistedLayoutTests.swift; sourceTree = "<group>"; };
		200000000000000000000014 /* SettingsKeys.swift */ = {isa = PBXFileReference; lastKnownFileType = sourcecode.swift; path = SettingsKeys.swift; sourceTree = "<group>"; };
		200000000000000000000015 /* WorkspaceRestoration.swift */ = {isa = PBXFileReference; lastKnownFileType = sourcecode.swift; path = WorkspaceRestoration.swift; sourceTree = "<group>"; };
		200000000000000000000016 /* WorkspaceRestorationTests.swift */ = {isa = PBXFileReference; lastKnownFileType = sourcecode.swift; path = WorkspaceRestorationTests.swift; sourceTree = "<group>"; };
		200000000000000000000017 /* NotificationFeed.swift */ = {isa = PBXFileReference; lastKnownFileType = sourcecode.swift; path = NotificationFeed.swift; sourceTree = "<group>"; };
		200000000000000000000018 /* NotificationFeedTests.swift */ = {isa = PBXFileReference; lastKnownFileType = sourcecode.swift; path = NotificationFeedTests.swift; sourceTree = "<group>"; };
		200000000000000000000019 /* SessionNotifier.swift */ = {isa = PBXFileReference; lastKnownFileType = sourcecode.swift; path = SessionNotifier.swift; sourceTree = "<group>"; };
		20000000000000000000001A /* SessionNotifierTests.swift */ = {isa = PBXFileReference; lastKnownFileType = sourcecode.swift; path = SessionNotifierTests.swift; sourceTree = "<group>"; };
		20000000000000000000001B /* SessionOutline.swift */ = {isa = PBXFileReference; lastKnownFileType = sourcecode.swift; path = SessionOutline.swift; sourceTree = "<group>"; };
		20000000000000000000001D /* SessionOutlineTests.swift */ = {isa = PBXFileReference; lastKnownFileType = sourcecode.swift; path = SessionOutlineTests.swift; sourceTree = "<group>"; };
		20000000000000000000001E /* CommandPalette.swift */ = {isa = PBXFileReference; lastKnownFileType = sourcecode.swift; path = CommandPalette.swift; sourceTree = "<group>"; };
		20000000000000000000001F /* CommandPaletteController.swift */ = {isa = PBXFileReference; lastKnownFileType = sourcecode.swift; path = CommandPaletteController.swift; sourceTree = "<group>"; };
		200000000000000000000020 /* WorkspaceToolbar.swift */ = {isa = PBXFileReference; lastKnownFileType = sourcecode.swift; path = WorkspaceToolbar.swift; sourceTree = "<group>"; };
		200000000000000000000021 /* CommandPaletteTests.swift */ = {isa = PBXFileReference; lastKnownFileType = sourcecode.swift; path = CommandPaletteTests.swift; sourceTree = "<group>"; };
		20000000000000000000022 /* SettingsStore.swift */ = {isa = PBXFileReference; lastKnownFileType = sourcecode.swift; path = SettingsStore.swift; sourceTree = "<group>"; };
		20000000000000000000023 /* BrainClients.swift */ = {isa = PBXFileReference; lastKnownFileType = sourcecode.swift; path = BrainClients.swift; sourceTree = "<group>"; };
		20000000000000000000024 /* AuthGateState.swift */ = {isa = PBXFileReference; lastKnownFileType = sourcecode.swift; path = AuthGateState.swift; sourceTree = "<group>"; };
		20000000000000000000025 /* AuthGateView.swift */ = {isa = PBXFileReference; lastKnownFileType = sourcecode.swift; path = AuthGateView.swift; sourceTree = "<group>"; };
		20000000000000000000026 /* OnboardingState.swift */ = {isa = PBXFileReference; lastKnownFileType = sourcecode.swift; path = OnboardingState.swift; sourceTree = "<group>"; };
		20000000000000000000027 /* FirstRunView.swift */ = {isa = PBXFileReference; lastKnownFileType = sourcecode.swift; path = FirstRunView.swift; sourceTree = "<group>"; };
		20000000000000000000028 /* UsageAnalytics.swift */ = {isa = PBXFileReference; lastKnownFileType = sourcecode.swift; path = UsageAnalytics.swift; sourceTree = "<group>"; };
		72D867AAA65744B6AC1DEF5F /* PrivacyInfo.xcprivacy */ = {isa = PBXFileReference; lastKnownFileType = text.plist.xml; path = PrivacyInfo.xcprivacy; sourceTree = "<group>"; };
		77CF5C0FD5C94551B0417D0C /* Legal */ = {isa = PBXFileReference; lastKnownFileType = folder; name = Legal; path = Resources/Legal; sourceTree = "<group>"; };
		81B5B5348C434CA695944307 /* WebInspectorPolicy.swift */ = {isa = PBXFileReference; lastKnownFileType = sourcecode.swift; path = WebInspectorPolicy.swift; sourceTree = "<group>"; };
		B5598A0B7CA74385AE68E475 /* RelayClient.swift */ = {isa = PBXFileReference; lastKnownFileType = sourcecode.swift; path = RelayClient.swift; sourceTree = "<group>"; };
		89BE6AB17AE744BD8E7AB2B2 /* RemoteControlProjection.swift */ = {isa = PBXFileReference; lastKnownFileType = sourcecode.swift; path = RemoteControlProjection.swift; sourceTree = "<group>"; };
		04E0141C344F4A5D8B4E053D /* RemoteMachinesModel.swift */ = {isa = PBXFileReference; lastKnownFileType = sourcecode.swift; path = RemoteMachinesModel.swift; sourceTree = "<group>"; };
		667DDB0CD8F44D5F8AAE32AD /* PredictiveEchoModel.swift */ = {isa = PBXFileReference; lastKnownFileType = sourcecode.swift; path = PredictiveEchoModel.swift; sourceTree = "<group>"; };
		86D7DE1558DC4E378D4D62D4 /* PredictiveEchoOverlayView.swift */ = {isa = PBXFileReference; lastKnownFileType = sourcecode.swift; path = PredictiveEchoOverlayView.swift; sourceTree = "<group>"; };
		9A1747AC3E564C5695E2A6CA /* BundleComplianceTests.swift */ = {isa = PBXFileReference; lastKnownFileType = sourcecode.swift; path = BundleComplianceTests.swift; sourceTree = "<group>"; };
		7DB576BDDDFE4FE891EC5B0E /* WebInspectorPolicyTests.swift */ = {isa = PBXFileReference; lastKnownFileType = sourcecode.swift; path = WebInspectorPolicyTests.swift; sourceTree = "<group>"; };
		386551E034894649836C21ED /* SessionConnectionWebSocketTests.swift */ = {isa = PBXFileReference; lastKnownFileType = sourcecode.swift; path = SessionConnectionWebSocketTests.swift; sourceTree = "<group>"; };
		0589B469C1D24C85B483D7FA /* RelayClientTests.swift */ = {isa = PBXFileReference; lastKnownFileType = sourcecode.swift; path = RelayClientTests.swift; sourceTree = "<group>"; };
		8E75C20F7A074C768581A8A6 /* RemoteControlProjectionTests.swift */ = {isa = PBXFileReference; lastKnownFileType = sourcecode.swift; path = RemoteControlProjectionTests.swift; sourceTree = "<group>"; };
		EA557DDC2EDC466F84FBB88A /* RemoteMachinesModelTests.swift */ = {isa = PBXFileReference; lastKnownFileType = sourcecode.swift; path = RemoteMachinesModelTests.swift; sourceTree = "<group>"; };
		A1424334A93A4BE39629BE7B /* PredictiveEchoModelTests.swift */ = {isa = PBXFileReference; lastKnownFileType = sourcecode.swift; path = PredictiveEchoModelTests.swift; sourceTree = "<group>"; };
		20000000000000000000029 /* UsageAnalyticsRecorder.swift */ = {isa = PBXFileReference; lastKnownFileType = sourcecode.swift; path = UsageAnalyticsRecorder.swift; sourceTree = "<group>"; };
		2000000000000000000002A /* UsageView.swift */ = {isa = PBXFileReference; lastKnownFileType = sourcecode.swift; path = UsageView.swift; sourceTree = "<group>"; };
		2000000000000000000002B /* InspectorView.swift */ = {isa = PBXFileReference; lastKnownFileType = sourcecode.swift; path = InspectorView.swift; sourceTree = "<group>"; };
		2000000000000000000002C /* SettingsView.swift */ = {isa = PBXFileReference; lastKnownFileType = sourcecode.swift; path = SettingsView.swift; sourceTree = "<group>"; };
		2000000000000000000002D /* SettingsStoreTests.swift */ = {isa = PBXFileReference; lastKnownFileType = sourcecode.swift; path = SettingsStoreTests.swift; sourceTree = "<group>"; };
		2000000000000000000002E /* AuthGateStateTests.swift */ = {isa = PBXFileReference; lastKnownFileType = sourcecode.swift; path = AuthGateStateTests.swift; sourceTree = "<group>"; };
		2000000000000000000002F /* AuthGateCoordinatorTests.swift */ = {isa = PBXFileReference; lastKnownFileType = sourcecode.swift; path = AuthGateCoordinatorTests.swift; sourceTree = "<group>"; };
		20000000000000000000030 /* OnboardingStateTests.swift */ = {isa = PBXFileReference; lastKnownFileType = sourcecode.swift; path = OnboardingStateTests.swift; sourceTree = "<group>"; };
		20000000000000000000031 /* FirstRunViewModelTests.swift */ = {isa = PBXFileReference; lastKnownFileType = sourcecode.swift; path = FirstRunViewModelTests.swift; sourceTree = "<group>"; };
		20000000000000000000032 /* UsageAnalyticsTests.swift */ = {isa = PBXFileReference; lastKnownFileType = sourcecode.swift; path = UsageAnalyticsTests.swift; sourceTree = "<group>"; };
		20000000000000000000033 /* UsageAnalyticsRecorderTests.swift */ = {isa = PBXFileReference; lastKnownFileType = sourcecode.swift; path = UsageAnalyticsRecorderTests.swift; sourceTree = "<group>"; };
		20000000000000000000034 /* BrainAdminClientTestDouble.swift */ = {isa = PBXFileReference; lastKnownFileType = sourcecode.swift; path = BrainAdminClientTestDouble.swift; sourceTree = "<group>"; };
		20000000000000000000035 /* InspectorViewModelTests.swift */ = {isa = PBXFileReference; lastKnownFileType = sourcecode.swift; path = InspectorViewModelTests.swift; sourceTree = "<group>"; };
		20000000000000000000036 /* UsageViewModelTests.swift */ = {isa = PBXFileReference; lastKnownFileType = sourcecode.swift; path = UsageViewModelTests.swift; sourceTree = "<group>"; };
		20000000000000000000037 /* SettingsViewModelTests.swift */ = {isa = PBXFileReference; lastKnownFileType = sourcecode.swift; path = SettingsViewModelTests.swift; sourceTree = "<group>"; };
		20000000000000000000999 /* RealPreferencesGuard.swift */ = {isa = PBXFileReference; lastKnownFileType = sourcecode.swift; path = RealPreferencesGuard.swift; sourceTree = "<group>"; };
		20000000000000000000038 /* WorkspaceWindowControllerTask6b2Tests.swift */ = {isa = PBXFileReference; lastKnownFileType = sourcecode.swift; path = WorkspaceWindowControllerTask6b2Tests.swift; sourceTree = "<group>"; };
		20000000000000000000039 /* DaemonPersistence.swift */ = {isa = PBXFileReference; lastKnownFileType = sourcecode.swift; path = DaemonPersistence.swift; sourceTree = "<group>"; };
		20000000000000000000108 /* AccountDirectory.swift */ = {isa = PBXFileReference; lastKnownFileType = sourcecode.swift; path = AccountDirectory.swift; sourceTree = "<group>"; };
		20000000000000000000109 /* AccountDirectoryTests.swift */ = {isa = PBXFileReference; lastKnownFileType = sourcecode.swift; path = AccountDirectoryTests.swift; sourceTree = "<group>"; };
		2000000000000000000003B /* DaemonServiceRegistrar.swift */ = {isa = PBXFileReference; lastKnownFileType = sourcecode.swift; path = DaemonServiceRegistrar.swift; sourceTree = "<group>"; };
		2000000000000000000003D /* DaemonPersistenceController.swift */ = {isa = PBXFileReference; lastKnownFileType = sourcecode.swift; path = DaemonPersistenceController.swift; sourceTree = "<group>"; };
		2000000000000000000003F /* DaemonPersistenceTests.swift */ = {isa = PBXFileReference; lastKnownFileType = sourcecode.swift; path = DaemonPersistenceTests.swift; sourceTree = "<group>"; };
		20000000000000000000041 /* DaemonPersistenceControllerTests.swift */ = {isa = PBXFileReference; lastKnownFileType = sourcecode.swift; path = DaemonPersistenceControllerTests.swift; sourceTree = "<group>"; };
		20000000000000000000043 /* DaemonServiceRegistrarTests.swift */ = {isa = PBXFileReference; lastKnownFileType = sourcecode.swift; path = DaemonServiceRegistrarTests.swift; sourceTree = "<group>"; };
		20000000000000000000045 /* NativeMacosCompatibilityFixtureTests.swift */ = {isa = PBXFileReference; lastKnownFileType = sourcecode.swift; path = NativeMacosCompatibilityFixtureTests.swift; sourceTree = "<group>"; };
		20000000000000000000046 /* persisted-layout.json */ = {isa = PBXFileReference; lastKnownFileType = text.json; name = "persisted-layout.json"; path = "../fixtures/native-macos-compat/persisted-layout.json"; sourceTree = SOURCE_ROOT; };
		20000000000000000000047 /* rust-session-models.json */ = {isa = PBXFileReference; lastKnownFileType = text.json; name = "rust-session-models.json"; path = "../fixtures/native-macos-compat/rust-session-models.json"; sourceTree = SOURCE_ROOT; };
		20000000000000000000048 /* status-end-events.json */ = {isa = PBXFileReference; lastKnownFileType = text.json; name = "status-end-events.json"; path = "../fixtures/native-macos-compat/status-end-events.json"; sourceTree = SOURCE_ROOT; };
		20000000000000000000049 /* Assets.xcassets */ = {isa = PBXFileReference; lastKnownFileType = folder.assetcatalog; path = Assets.xcassets; sourceTree = "<group>"; };
		A04759722BBF431AA1576C0D /* monaco */ = {isa = PBXFileReference; lastKnownFileType = folder; name = monaco; path = Resources/monaco; sourceTree = "<group>"; };
		2476AE295F8DA866C43307D8 /* home-suggestions.json */ = {isa = PBXFileReference; lastKnownFileType = text.json; name = "home-suggestions.json"; path = "Resources/home-suggestions.json"; sourceTree = "<group>"; };
		20000000000000000000050 /* WorkspaceShell.swift */ = {isa = PBXFileReference; lastKnownFileType = sourcecode.swift; path = WorkspaceShell.swift; sourceTree = "<group>"; };
		20000000000000000000051 /* WorkspaceShellTests.swift */ = {isa = PBXFileReference; lastKnownFileType = sourcecode.swift; path = WorkspaceShellTests.swift; sourceTree = "<group>"; };
		20000000000000000000052 /* EngineIcon.swift */ = {isa = PBXFileReference; lastKnownFileType = sourcecode.swift; path = EngineIcon.swift; sourceTree = "<group>"; };
		20000000000000000000060 /* WorkspaceFiles.swift */ = {isa = PBXFileReference; lastKnownFileType = sourcecode.swift; path = WorkspaceFiles.swift; sourceTree = "<group>"; };
		20000000000000000000070 /* EngineLauncher.swift */ = {isa = PBXFileReference; lastKnownFileType = sourcecode.swift; path = EngineLauncher.swift; sourceTree = "<group>"; };
		20000000000000000000099 /* ClaudeTranscript.swift */ = {isa = PBXFileReference; lastKnownFileType = sourcecode.swift; path = ClaudeTranscript.swift; sourceTree = "<group>"; };
		20000000000000000000100 /* PaneAppView.swift */ = {isa = PBXFileReference; lastKnownFileType = sourcecode.swift; path = PaneAppView.swift; sourceTree = "<group>"; };
		20000000000000000000101 /* PaneAppMessageRow.swift */ = {isa = PBXFileReference; lastKnownFileType = sourcecode.swift; path = PaneAppMessageRow.swift; sourceTree = "<group>"; };
		20000000000000000000102 /* PaneAppSystemBlocks.swift */ = {isa = PBXFileReference; lastKnownFileType = sourcecode.swift; path = PaneAppSystemBlocks.swift; sourceTree = "<group>"; };
		20000000000000000000104 /* ClaudeUsageLimits.swift */ = {isa = PBXFileReference; lastKnownFileType = sourcecode.swift; path = ClaudeUsageLimits.swift; sourceTree = "<group>"; };
		20000000000000000000106 /* SidebarClaudeLimitsView.swift */ = {isa = PBXFileReference; lastKnownFileType = sourcecode.swift; path = SidebarClaudeLimitsView.swift; sourceTree = "<group>"; };
		20000000000000000000061 /* WorkspaceFilesTests.swift */ = {isa = PBXFileReference; lastKnownFileType = sourcecode.swift; path = WorkspaceFilesTests.swift; sourceTree = "<group>"; };
		20000000000000000000071 /* EngineLauncherTests.swift */ = {isa = PBXFileReference; lastKnownFileType = sourcecode.swift; path = EngineLauncherTests.swift; sourceTree = "<group>"; };
		712943C7B868840E1BB009CB /* ClaudeTranscriptTests.swift */ = {isa = PBXFileReference; lastKnownFileType = sourcecode.swift; path = ClaudeTranscriptTests.swift; sourceTree = "<group>"; };
		8623C15B469687448C65CB4C /* PaneAppViewTests.swift */ = {isa = PBXFileReference; lastKnownFileType = sourcecode.swift; path = PaneAppViewTests.swift; sourceTree = "<group>"; };
		20000000000000000000103 /* PaneAppSystemBlocksTests.swift */ = {isa = PBXFileReference; lastKnownFileType = sourcecode.swift; path = PaneAppSystemBlocksTests.swift; sourceTree = "<group>"; };
		20000000000000000000105 /* ClaudeUsageLimitsTests.swift */ = {isa = PBXFileReference; lastKnownFileType = sourcecode.swift; path = ClaudeUsageLimitsTests.swift; sourceTree = "<group>"; };
		4ED45FD94552610C3C4DE5D2 /* PaneViewModeTests.swift */ = {isa = PBXFileReference; lastKnownFileType = sourcecode.swift; path = PaneViewModeTests.swift; sourceTree = "<group>"; };
		200000000000000000000A0 /* AuthClient.swift */ = {isa = PBXFileReference; lastKnownFileType = sourcecode.swift; path = AuthClient.swift; sourceTree = "<group>"; };
		200000000000000000000A1 /* AuthClientTests.swift */ = {isa = PBXFileReference; lastKnownFileType = sourcecode.swift; path = AuthClientTests.swift; sourceTree = "<group>"; };
/* End PBXFileReference section */

/* Begin PBXFrameworksBuildPhase section */
		400000000000000000000001 /* Frameworks */ = {
			isa = PBXFrameworksBuildPhase;
			buildActionMask = 2147483647;
			files = (
				100000000000000000000003 /* SwiftTerm in Frameworks */,
			);
			runOnlyForDeploymentPostprocessing = 0;
		};
		400000000000000000000002 /* Frameworks */ = {
			isa = PBXFrameworksBuildPhase;
			buildActionMask = 2147483647;
			files = (
			);
			runOnlyForDeploymentPostprocessing = 0;
		};
/* End PBXFrameworksBuildPhase section */

/* Begin PBXGroup section */
		500000000000000000000001 = {
			isa = PBXGroup;
			children = (
				500000000000000000000002 /* OmniAgent */,
				500000000000000000000003 /* OmniAgentTests */,
				500000000000000000000004 /* Products */,
			);
			sourceTree = "<group>";
		};
		500000000000000000000002 /* OmniAgent */ = {
			isa = PBXGroup;
			children = (
				200000000000000000000001 /* main.swift */,
				200000000000000000000005 /* SessionProtocol.swift */,
				200000000000000000000007 /* SessionConnection.swift */,
				200000000000000000000009 /* Instrumentation.swift */,
				20000000000000000000000D /* PaneGrid.swift */,
				20000000000000000000000F /* PaneWorkspaceView.swift */,
				20000000000000000000080 /* PaneContentView.swift */,
				20000000000000000000090 /* BrowserPaneView.swift */,
				20000000000000000000092 /* BrowserPanes.swift */,
				200000000000000000000B0 /* EditorPaneModel.swift */,
				BACAA95FB7844450B021094B /* EditorPanes.swift */,
				08B9844312A440D4A5A932C5 /* EditorFileClass.swift */,
				C43E2B4CEEE6E8798AE14F29 /* GitFileContent.swift */,
				157B822C99ACE707C21FDF16 /* PaneFilmstrip.swift */,
				7A6200BA1CA6B4895D134437 /* PaneFilmstripItemView.swift */,
				2F8D45A9B1E64C7290EA3D16 /* DoublePressDetector.swift */,
				1422F1A7E3B9416382854F44 /* MediaTabView.swift */,
				CF6FC80108EE44A497708D9A /* EditorTabStripView.swift */,
				A14D8E2F5C7B41A69D3E0010 /* EditorTabDrag.swift */,
				804C0D63AE9348399ED44B65 /* EditorWebView.swift */,
				9C05BB92321E4D168F6F8F55 /* EditorPaneView.swift */,
				20000000000000000000094 /* PaneApprovalBar.swift */,
				20000000000000000000096 /* SessionHoverCard.swift */,
				3A7E4B21D95C4F6E8A102027 /* NavigationSidebar.swift */,
				4C7A2E5FB9D14038A2202608 /* WorkspacesTree.swift */,
				4C7A2E5FB9D14038A220260A /* WorkspacesHeaderMenus.swift */,
				4C7A2E5FB9D14038A220260E /* WorkspaceCustomizations.swift */,
				4C7A2E5FB9D14038A2202610 /* WorkspaceContextMenu.swift */,
				4C7A2E5FB9D14038A2202616 /* SessionMeta.swift */,
				4C7A2E5FB9D14038A2202618 /* SessionContextMenu.swift */,
				E010092C3F547CDAA535B766 /* MenuBarController.swift */,
				4C7A2E5FB9D14038A2202620 /* ReviewPanel.swift */,
				0D31F7A2C4E85B96D1A3F508 /* HomeView.swift */,
				753809FAD75C3450B51A156F /* HomeDropdown.swift */,
				9C4D2E7B5A1F4C8E9B3D6A01 /* SettingsSurfaceView.swift */,
				4C7A2E5FB9D14038A2202622 /* ReviewPanelView.swift */,
				4C7A2E5FB9D14038A2202626 /* ReviewPanelFilesView.swift */,
				4C7A2E5FB9D14038A220262A /* ReviewPanelChangesView.swift */,
				4C7A2E5FB9D14038A220262E /* ReviewPanelBrowserView.swift */,
				4C7A2E5FB9D14038A2202632 /* ReviewPanelInsightsView.swift */,
				20000000000000000000098 /* PaneAsk.swift */,
				20000000000000000000107 /* PaneShortcutHint.swift */,
				20000000000000000000000A /* TerminalSurfaceView.swift */,
				20000000000000000000000B /* WorkspaceWindowController.swift */,
				20000000000000000000000C /* AppDelegate.swift */,
				200000000000000000000012 /* PersistedLayout.swift */,
				200000000000000000000014 /* SettingsKeys.swift */,
				200000000000000000000015 /* WorkspaceRestoration.swift */,
				200000000000000000000017 /* NotificationFeed.swift */,
				200000000000000000000019 /* SessionNotifier.swift */,
				20000000000000000000001B /* SessionOutline.swift */,
				20000000000000000000001E /* CommandPalette.swift */,
				20000000000000000000001F /* CommandPaletteController.swift */,
				200000000000000000000020 /* WorkspaceToolbar.swift */,
				20000000000000000000050 /* WorkspaceShell.swift */,
				20000000000000000000052 /* EngineIcon.swift */,
				20000000000000000000022 /* SettingsStore.swift */,
				20000000000000000000023 /* BrainClients.swift */,
				200000000000000000000A0 /* AuthClient.swift */,
				20000000000000000000024 /* AuthGateState.swift */,
				20000000000000000000025 /* AuthGateView.swift */,
				20000000000000000000026 /* OnboardingState.swift */,
				20000000000000000000027 /* FirstRunView.swift */,
				20000000000000000000028 /* UsageAnalytics.swift */,
				72D867AAA65744B6AC1DEF5F /* PrivacyInfo.xcprivacy */,
				77CF5C0FD5C94551B0417D0C /* Legal */,
				81B5B5348C434CA695944307 /* WebInspectorPolicy.swift */,
				B5598A0B7CA74385AE68E475 /* RelayClient.swift */,
				89BE6AB17AE744BD8E7AB2B2 /* RemoteControlProjection.swift */,
				04E0141C344F4A5D8B4E053D /* RemoteMachinesModel.swift */,
				667DDB0CD8F44D5F8AAE32AD /* PredictiveEchoModel.swift */,
				86D7DE1558DC4E378D4D62D4 /* PredictiveEchoOverlayView.swift */,
				20000000000000000000029 /* UsageAnalyticsRecorder.swift */,
				2000000000000000000002A /* UsageView.swift */,
				2000000000000000000002B /* InspectorView.swift */,
				2000000000000000000002C /* SettingsView.swift */,
				20000000000000000000039 /* DaemonPersistence.swift */,
				20000000000000000000108 /* AccountDirectory.swift */,
				2000000000000000000003B /* DaemonServiceRegistrar.swift */,
				2000000000000000000003D /* DaemonPersistenceController.swift */,
				20000000000000000000060 /* WorkspaceFiles.swift */,
				20000000000000000000070 /* EngineLauncher.swift */,
				20000000000000000000099 /* ClaudeTranscript.swift */,
				20000000000000000000100 /* PaneAppView.swift */,
				20000000000000000000101 /* PaneAppMessageRow.swift */,
				20000000000000000000102 /* PaneAppSystemBlocks.swift */,
				20000000000000000000104 /* ClaudeUsageLimits.swift */,
				20000000000000000000106 /* SidebarClaudeLimitsView.swift */,
				20000000000000000000049 /* Assets.xcassets */,
				A04759722BBF431AA1576C0D /* monaco */,
				2476AE295F8DA866C43307D8 /* home-suggestions.json */,
			);
			path = OmniAgent;
			sourceTree = "<group>";
		};
		500000000000000000000003 /* OmniAgentTests */ = {
			isa = PBXGroup;
			children = (
				200000000000000000000002 /* FrameCodecTests.swift */,
				200000000000000000000006 /* SessionConnectionTests.swift */,
				88CC1E88FE578644F84AE3A7 /* PaneFilmstripTests.swift */,
				20000000000000000000000E /* PaneGridTests.swift */,
				200000000000000000000010 /* PaneWorkspaceViewTests.swift */,
				20000000000000000000091 /* BrowserPaneViewTests.swift */,
				20000000000000000000093 /* BrowserPanesTests.swift */,
				200000000000000000000B1 /* EditorPaneModelTests.swift */,
				2639724864074430BA56B5D3 /* EditorPanesTests.swift */,
				FD2DAF7A30B04EABB3A14693 /* EditorFileClassTests.swift */,
				6C15DA4028034799A71F586F /* MediaTabViewTests.swift */,
				F2210BEDBBCF478A9EA96D02 /* EditorTabStripViewTests.swift */,
				A14D8E2F5C7B41A69D3E0020 /* EditorTabDragTests.swift */,
				52E91EFADEB4413DA81A96F8 /* EditorWebViewTests.swift */,
				9BF1B274379647B88A0DBA04 /* EditorPaneViewTests.swift */,
				7A44D2B60E9C41D8B5721CA3 /* EditorPaneIntegrationTests.swift */,
				BE0A2CB26F101E0CCC68EFBA /* GitFileContentTests.swift */,
				9D48E1B36C2F4A70B15D8E22 /* DoublePressDetectorTests.swift */,
				20000000000000000000095 /* PaneApprovalBarTests.swift */,
				200000000000000000000011 /* pane-grid.json */,
				20000000000000000000045 /* NativeMacosCompatibilityFixtureTests.swift */,
				20000000000000000000046 /* persisted-layout.json */,
				20000000000000000000047 /* rust-session-models.json */,
				20000000000000000000048 /* status-end-events.json */,
				200000000000000000000008 /* WorkspaceWindowControllerTests.swift */,
				200000000000000000000013 /* PersistedLayoutTests.swift */,
				200000000000000000000016 /* WorkspaceRestorationTests.swift */,
				200000000000000000000018 /* NotificationFeedTests.swift */,
				20000000000000000000001A /* SessionNotifierTests.swift */,
				20000000000000000000001D /* SessionOutlineTests.swift */,
				200000000000000000000021 /* CommandPaletteTests.swift */,
				9A1747AC3E564C5695E2A6CA /* BundleComplianceTests.swift */,
				7DB576BDDDFE4FE891EC5B0E /* WebInspectorPolicyTests.swift */,
				386551E034894649836C21ED /* SessionConnectionWebSocketTests.swift */,
				0589B469C1D24C85B483D7FA /* RelayClientTests.swift */,
				8E75C20F7A074C768581A8A6 /* RemoteControlProjectionTests.swift */,
				EA557DDC2EDC466F84FBB88A /* RemoteMachinesModelTests.swift */,
				A1424334A93A4BE39629BE7B /* PredictiveEchoModelTests.swift */,
				3A7E4B21D95C4F6E8A102029 /* NavigationSidebarTests.swift */,
				4C7A2E5FB9D14038A220260C /* WorkspacesHeaderMenusTests.swift */,
				4C7A2E5FB9D14038A2202612 /* WorkspaceCustomizationsTests.swift */,
				4C7A2E5FB9D14038A2202614 /* WorkspaceContextMenuTests.swift */,
				4C7A2E5FB9D14038A220261A /* SessionMetaTests.swift */,
				4C7A2E5FB9D14038A220261C /* SessionContextMenuTests.swift */,
				CB10AC26ADD4F846DEA536FE /* MenuBarControllerTests.swift */,
				4C7A2E5FB9D14038A2202624 /* ReviewPanelTests.swift */,
				3E7A9C1B5D2F48C6A0E8B357 /* HomeViewTests.swift */,
				6724ACB426D2F9BB625977DD /* HomeDropdownTests.swift */,
				4C7A2E5FB9D14038A2202628 /* ReviewPanelFilesViewTests.swift */,
				4C7A2E5FB9D14038A220262C /* ReviewPanelChangesViewTests.swift */,
				4C7A2E5FB9D14038A2202630 /* ReviewPanelBrowserViewTests.swift */,
				4C7A2E5FB9D14038A2202634 /* ReviewPanelInsightsViewTests.swift */,
				2000000000000000000002D /* SettingsStoreTests.swift */,
				200000000000000000000A1 /* AuthClientTests.swift */,
				2000000000000000000002E /* AuthGateStateTests.swift */,
				2000000000000000000002F /* AuthGateCoordinatorTests.swift */,
				20000000000000000000030 /* OnboardingStateTests.swift */,
				20000000000000000000031 /* FirstRunViewModelTests.swift */,
				20000000000000000000032 /* UsageAnalyticsTests.swift */,
				20000000000000000000033 /* UsageAnalyticsRecorderTests.swift */,
				20000000000000000000034 /* BrainAdminClientTestDouble.swift */,
				20000000000000000000035 /* InspectorViewModelTests.swift */,
				20000000000000000000036 /* UsageViewModelTests.swift */,
				20000000000000000000037 /* SettingsViewModelTests.swift */,
				20000000000000000000999 /* RealPreferencesGuard.swift */,
				20000000000000000000038 /* WorkspaceWindowControllerTask6b2Tests.swift */,
				2000000000000000000003F /* DaemonPersistenceTests.swift */,
				20000000000000000000109 /* AccountDirectoryTests.swift */,
				20000000000000000000041 /* DaemonPersistenceControllerTests.swift */,
				20000000000000000000043 /* DaemonServiceRegistrarTests.swift */,
				20000000000000000000051 /* WorkspaceShellTests.swift */,
				20000000000000000000097 /* SessionHoverCardTests.swift */,
				20000000000000000000061 /* WorkspaceFilesTests.swift */,
				20000000000000000000071 /* EngineLauncherTests.swift */,
				712943C7B868840E1BB009CB /* ClaudeTranscriptTests.swift */,
				8623C15B469687448C65CB4C /* PaneAppViewTests.swift */,
				20000000000000000000103 /* PaneAppSystemBlocksTests.swift */,
				20000000000000000000105 /* ClaudeUsageLimitsTests.swift */,
				4ED45FD94552610C3C4DE5D2 /* PaneViewModeTests.swift */,
			);
			path = OmniAgentTests;
			sourceTree = "<group>";
		};
		500000000000000000000004 /* Products */ = {
			isa = PBXGroup;
			children = (
				200000000000000000000003 /* OmniAgent.app */,
				200000000000000000000004 /* OmniAgentTests.xctest */,
			);
			name = Products;
			sourceTree = "<group>";
		};
/* End PBXGroup section */

/* Begin PBXNativeTarget section */
		600000000000000000000001 /* OmniAgent */ = {
			isa = PBXNativeTarget;
			buildConfigurationList = A00000000000000000000001 /* Build configuration list for PBXNativeTarget "OmniAgent" */;
			buildPhases = (
				800000000000000000000001 /* Sources */,
				400000000000000000000001 /* Frameworks */,
				800000000000000000000003 /* Resources */,
				C00000000000000000000001 /* Embed PTY Daemon + LaunchAgent Plists (non-Debug) */,
			);
			buildRules = (
			);
			dependencies = (
			);
			name = OmniAgent;
			packageProductDependencies = (
				900000000000000000000002 /* SwiftTerm */,
			);
			productName = OmniAgent;
			productReference = 200000000000000000000003 /* OmniAgent.app */;
			productType = "com.apple.product-type.application";
		};
		600000000000000000000002 /* OmniAgentTests */ = {
			isa = PBXNativeTarget;
			buildConfigurationList = A00000000000000000000002 /* Build configuration list for PBXNativeTarget "OmniAgentTests" */;
			buildPhases = (
				800000000000000000000002 /* Sources */,
				400000000000000000000002 /* Frameworks */,
				800000000000000000000004 /* Resources */,
			);
			buildRules = (
			);
			dependencies = (
				300000000000000000000002 /* PBXTargetDependency */,
			);
			name = OmniAgentTests;
			productName = OmniAgentTests;
			productReference = 200000000000000000000004 /* OmniAgentTests.xctest */;
			productType = "com.apple.product-type.bundle.unit-test";
		};
/* End PBXNativeTarget section */

/* Begin PBXProject section */
		700000000000000000000001 /* Project object */ = {
			isa = PBXProject;
			attributes = {
				BuildIndependentTargetsInParallel = 1;
				LastSwiftUpdateCheck = 2660;
				LastUpgradeCheck = 2660;
				TargetAttributes = {
					600000000000000000000001 = {
						CreatedOnToolsVersion = 26.6;
					};
					600000000000000000000002 = {
						CreatedOnToolsVersion = 26.6;
						TestTargetID = 600000000000000000000001;
					};
				};
			};
			buildConfigurationList = A00000000000000000000000 /* Build configuration list for PBXProject "OmniAgent" */;
			developmentRegion = en;
			hasScannedForEncodings = 0;
			knownRegions = (
				en,
				Base,
			);
			mainGroup = 500000000000000000000001;
			minimizedProjectReferenceProxies = 1;
			packageReferences = (
				900000000000000000000001 /* XCRemoteSwiftPackageReference "SwiftTerm" */,
			);
			preferredProjectObjectVersion = 77;
			productRefGroup = 500000000000000000000004 /* Products */;
			projectDirPath = "";
			projectRoot = "";
			targets = (
				600000000000000000000001 /* OmniAgent */,
				600000000000000000000002 /* OmniAgentTests */,
			);
		};
/* End PBXProject section */

/* Begin PBXResourcesBuildPhase section */
		800000000000000000000003 /* Resources */ = {
			isa = PBXResourcesBuildPhase;
			buildActionMask = 2147483647;
			files = (
				10000000000000000000049 /* Assets.xcassets in Resources */,
				4448686B93364960B97876AB /* monaco in Resources */,
				3C79DAE2B6784E89B68B9852 /* PrivacyInfo.xcprivacy in Resources */,
				F14F7EAC88714C078186E91F /* Legal in Resources */,
				464E94D28332A4BAF9719F5B /* home-suggestions.json in Resources */,
			);
			runOnlyForDeploymentPostprocessing = 0;
		};
		800000000000000000000004 /* Resources */ = {
			isa = PBXResourcesBuildPhase;
			buildActionMask = 2147483647;
			files = (
				100000000000000000000010 /* pane-grid.json in Resources */,
				10000000000000000000045 /* persisted-layout.json in Resources */,
				10000000000000000000046 /* rust-session-models.json in Resources */,
				10000000000000000000047 /* status-end-events.json in Resources */,
			);
			runOnlyForDeploymentPostprocessing = 0;
		};
/* End PBXResourcesBuildPhase section */

/* Begin PBXSourcesBuildPhase section */
		800000000000000000000001 /* Sources */ = {
			isa = PBXSourcesBuildPhase;
			buildActionMask = 2147483647;
			files = (
				100000000000000000000001 /* main.swift in Sources */,
				100000000000000000000004 /* SessionProtocol.swift in Sources */,
				100000000000000000000006 /* SessionConnection.swift in Sources */,
				100000000000000000000008 /* Instrumentation.swift in Sources */,
				10000000000000000000000C /* PaneGrid.swift in Sources */,
				10000000000000000000000E /* PaneWorkspaceView.swift in Sources */,
				10000000000000000000080 /* PaneContentView.swift in Sources */,
				10000000000000000000090 /* BrowserPaneView.swift in Sources */,
				10000000000000000000092 /* BrowserPanes.swift in Sources */,
				100000000000000000000B0 /* EditorPaneModel.swift in Sources */,
				53C290D7733E43F89B368514 /* EditorPanes.swift in Sources */,
				71021CF2EFA24E0285BFFFDA /* EditorFileClass.swift in Sources */,
				68F9BD406F6C7DDABE533A9D /* GitFileContent.swift in Sources */,
				A8F274672EE375B094EDE786 /* PaneFilmstrip.swift in Sources */,
				DC11E984BFFC0A19284D6270 /* PaneFilmstripItemView.swift in Sources */,
				E4A1C60B27D34F19B0C55A83 /* DoublePressDetector.swift in Sources */,
				6B338221C82340A48C81D8A6 /* MediaTabView.swift in Sources */,
				12571DF89D0D4288891BDAFE /* EditorTabStripView.swift in Sources */,
				A14D8E2F5C7B41A69D3E0011 /* EditorTabDrag.swift in Sources */,
				40187BB1C8BB496BBDF4129A /* EditorWebView.swift in Sources */,
				8F133DE140464FFEBCA301BD /* EditorPaneView.swift in Sources */,
				10000000000000000000094 /* PaneApprovalBar.swift in Sources */,
				10000000000000000000096 /* SessionHoverCard.swift in Sources */,
				3A7E4B21D95C4F6E8A102026 /* NavigationSidebar.swift in Sources */,
				4C7A2E5FB9D14038A2202609 /* WorkspacesTree.swift in Sources */,
				4C7A2E5FB9D14038A220260B /* WorkspacesHeaderMenus.swift in Sources */,
				4C7A2E5FB9D14038A220260F /* WorkspaceCustomizations.swift in Sources */,
				4C7A2E5FB9D14038A2202611 /* WorkspaceContextMenu.swift in Sources */,
				4C7A2E5FB9D14038A2202617 /* SessionMeta.swift in Sources */,
				4C7A2E5FB9D14038A2202619 /* SessionContextMenu.swift in Sources */,
				78E47BC111FE60AB7613FA3D /* MenuBarController.swift in Sources */,
				4C7A2E5FB9D14038A2202621 /* ReviewPanel.swift in Sources */,
				6B92E4C7A1D35F80B2C4E6A9 /* HomeView.swift in Sources */,
				806209706ED5DB1230917149 /* HomeDropdown.swift in Sources */,
				9C4D2E7B5A1F4C8E9B3D6A02 /* SettingsSurfaceView.swift in Sources */,
				4C7A2E5FB9D14038A2202623 /* ReviewPanelView.swift in Sources */,
				4C7A2E5FB9D14038A2202627 /* ReviewPanelFilesView.swift in Sources */,
				4C7A2E5FB9D14038A220262B /* ReviewPanelChangesView.swift in Sources */,
				4C7A2E5FB9D14038A220262F /* ReviewPanelBrowserView.swift in Sources */,
				4C7A2E5FB9D14038A2202633 /* ReviewPanelInsightsView.swift in Sources */,
				10000000000000000000098 /* PaneAsk.swift in Sources */,
				10000000000000000000107 /* PaneShortcutHint.swift in Sources */,
				100000000000000000000009 /* TerminalSurfaceView.swift in Sources */,
				10000000000000000000000A /* WorkspaceWindowController.swift in Sources */,
				10000000000000000000000B /* AppDelegate.swift in Sources */,
				100000000000000000000011 /* PersistedLayout.swift in Sources */,
				100000000000000000000013 /* SettingsKeys.swift in Sources */,
				100000000000000000000014 /* WorkspaceRestoration.swift in Sources */,
				100000000000000000000016 /* NotificationFeed.swift in Sources */,
				100000000000000000000018 /* SessionNotifier.swift in Sources */,
				10000000000000000000001A /* SessionOutline.swift in Sources */,
				10000000000000000000001D /* CommandPalette.swift in Sources */,
				10000000000000000000001E /* CommandPaletteController.swift in Sources */,
				10000000000000000000001F /* WorkspaceToolbar.swift in Sources */,
				10000000000000000000050 /* WorkspaceShell.swift in Sources */,
				10000000000000000000052 /* EngineIcon.swift in Sources */,
				10000000000000000000021 /* SettingsStore.swift in Sources */,
				10000000000000000000022 /* BrainClients.swift in Sources */,
				100000000000000000000A0 /* AuthClient.swift in Sources */,
				10000000000000000000023 /* AuthGateState.swift in Sources */,
				10000000000000000000024 /* AuthGateView.swift in Sources */,
				10000000000000000000025 /* OnboardingState.swift in Sources */,
				10000000000000000000026 /* FirstRunView.swift in Sources */,
				10000000000000000000027 /* UsageAnalytics.swift in Sources */,
				C3024C087D6F4DADA9845AB1 /* WebInspectorPolicy.swift in Sources */,
				18B748EEB5DE415291BCB67E /* RelayClient.swift in Sources */,
				176CDA10539F4F8EBF64D0C3 /* RemoteControlProjection.swift in Sources */,
				76D969FAC8EE465EADA8C6B2 /* RemoteMachinesModel.swift in Sources */,
				F0B34726F69E4D4E90427E2C /* PredictiveEchoModel.swift in Sources */,
				1708611130EF44F080D129AB /* PredictiveEchoOverlayView.swift in Sources */,
				10000000000000000000028 /* UsageAnalyticsRecorder.swift in Sources */,
				10000000000000000000029 /* UsageView.swift in Sources */,
				1000000000000000000002A /* InspectorView.swift in Sources */,
				1000000000000000000002B /* SettingsView.swift in Sources */,
				10000000000000000000038 /* DaemonPersistence.swift in Sources */,
				10000000000000000000108 /* AccountDirectory.swift in Sources */,
				1000000000000000000003A /* DaemonServiceRegistrar.swift in Sources */,
				1000000000000000000003C /* DaemonPersistenceController.swift in Sources */,
				10000000000000000000060 /* WorkspaceFiles.swift in Sources */,
				10000000000000000000070 /* EngineLauncher.swift in Sources */,
				10000000000000000000099 /* ClaudeTranscript.swift in Sources */,
				10000000000000000000100 /* PaneAppView.swift in Sources */,
				10000000000000000000101 /* PaneAppMessageRow.swift in Sources */,
				10000000000000000000102 /* PaneAppSystemBlocks.swift in Sources */,
				10000000000000000000104 /* ClaudeUsageLimits.swift in Sources */,
				10000000000000000000106 /* SidebarClaudeLimitsView.swift in Sources */,
			);
			runOnlyForDeploymentPostprocessing = 0;
		};
		800000000000000000000002 /* Sources */ = {
			isa = PBXSourcesBuildPhase;
			buildActionMask = 2147483647;
			files = (
				100000000000000000000002 /* FrameCodecTests.swift in Sources */,
				100000000000000000000005 /* SessionConnectionTests.swift in Sources */,
				580DD27D3BF5D316803F4967 /* PaneFilmstripTests.swift in Sources */,
				10000000000000000000000D /* PaneGridTests.swift in Sources */,
				10000000000000000000000F /* PaneWorkspaceViewTests.swift in Sources */,
				10000000000000000000091 /* BrowserPaneViewTests.swift in Sources */,
				10000000000000000000093 /* BrowserPanesTests.swift in Sources */,
				100000000000000000000B1 /* EditorPaneModelTests.swift in Sources */,
				69D406BCC81448EF8CA13D9D /* EditorPanesTests.swift in Sources */,
				34A6BF2B1B324F22ACCD3693 /* EditorFileClassTests.swift in Sources */,
				F2729C0CEE50441882BFD7A7 /* MediaTabViewTests.swift in Sources */,
				1B7BF5CE3D794B919522855C /* EditorTabStripViewTests.swift in Sources */,
				A14D8E2F5C7B41A69D3E0021 /* EditorTabDragTests.swift in Sources */,
				FE04177400364E128B31DF7B /* EditorWebViewTests.swift in Sources */,
				2ADA9E4CC4CE4F37B25A421B /* EditorPaneViewTests.swift in Sources */,
				3C1E9A5F7D0B42E1A8460F31 /* EditorPaneIntegrationTests.swift in Sources */,
				1ECF599C46245E2BA8447FC1 /* GitFileContentTests.swift in Sources */,
				5B2F70C41A8E4D6C9E33A017 /* DoublePressDetectorTests.swift in Sources */,
				10000000000000000000095 /* PaneApprovalBarTests.swift in Sources */,
				100000000000000000000007 /* WorkspaceWindowControllerTests.swift in Sources */,
				100000000000000000000012 /* PersistedLayoutTests.swift in Sources */,
				10000000000000000000044 /* NativeMacosCompatibilityFixtureTests.swift in Sources */,
				100000000000000000000015 /* WorkspaceRestorationTests.swift in Sources */,
				100000000000000000000017 /* NotificationFeedTests.swift in Sources */,
				100000000000000000000019 /* SessionNotifierTests.swift in Sources */,
				10000000000000000000001C /* SessionOutlineTests.swift in Sources */,
				100000000000000000000020 /* CommandPaletteTests.swift in Sources */,
				90B4703DEB494EDAB13B6C95 /* BundleComplianceTests.swift in Sources */,
				3EBCCF1D18484408B3FD3D10 /* WebInspectorPolicyTests.swift in Sources */,
				A86BB6E324284F228230ED97 /* SessionConnectionWebSocketTests.swift in Sources */,
				006571FD75CE4F37A952663C /* RelayClientTests.swift in Sources */,
				EF869FA5F880464AAF60464C /* RemoteControlProjectionTests.swift in Sources */,
				99AA164ED3A349D5ABDD963D /* RemoteMachinesModelTests.swift in Sources */,
				BA524298D19449349AF94799 /* PredictiveEchoModelTests.swift in Sources */,
				3A7E4B21D95C4F6E8A102028 /* NavigationSidebarTests.swift in Sources */,
				4C7A2E5FB9D14038A220260D /* WorkspacesHeaderMenusTests.swift in Sources */,
				4C7A2E5FB9D14038A2202613 /* WorkspaceCustomizationsTests.swift in Sources */,
				4C7A2E5FB9D14038A2202615 /* WorkspaceContextMenuTests.swift in Sources */,
				4C7A2E5FB9D14038A220261B /* SessionMetaTests.swift in Sources */,
				4C7A2E5FB9D14038A220261D /* SessionContextMenuTests.swift in Sources */,
				21B815180974289417756888 /* MenuBarControllerTests.swift in Sources */,
				4C7A2E5FB9D14038A2202625 /* ReviewPanelTests.swift in Sources */,
				9F4D2B8E6C1A35D7E9B0C246 /* HomeViewTests.swift in Sources */,
				06E8AD4715E1A5FAA52F3A1C /* HomeDropdownTests.swift in Sources */,
				4C7A2E5FB9D14038A2202629 /* ReviewPanelFilesViewTests.swift in Sources */,
				4C7A2E5FB9D14038A220262D /* ReviewPanelChangesViewTests.swift in Sources */,
				4C7A2E5FB9D14038A2202631 /* ReviewPanelBrowserViewTests.swift in Sources */,
				4C7A2E5FB9D14038A2202635 /* ReviewPanelInsightsViewTests.swift in Sources */,
				1000000000000000000002C /* SettingsStoreTests.swift in Sources */,
				100000000000000000000A1 /* AuthClientTests.swift in Sources */,
				1000000000000000000002D /* AuthGateStateTests.swift in Sources */,
				1000000000000000000002E /* AuthGateCoordinatorTests.swift in Sources */,
				1000000000000000000002F /* OnboardingStateTests.swift in Sources */,
				10000000000000000000030 /* FirstRunViewModelTests.swift in Sources */,
				10000000000000000000031 /* UsageAnalyticsTests.swift in Sources */,
				10000000000000000000032 /* UsageAnalyticsRecorderTests.swift in Sources */,
				10000000000000000000033 /* BrainAdminClientTestDouble.swift in Sources */,
				10000000000000000000034 /* InspectorViewModelTests.swift in Sources */,
				10000000000000000000035 /* UsageViewModelTests.swift in Sources */,
				10000000000000000000036 /* SettingsViewModelTests.swift in Sources */,
				10000000000000000000999 /* RealPreferencesGuard.swift in Sources */,
				10000000000000000000037 /* WorkspaceWindowControllerTask6b2Tests.swift in Sources */,
				1000000000000000000003E /* DaemonPersistenceTests.swift in Sources */,
				10000000000000000000109 /* AccountDirectoryTests.swift in Sources */,
				10000000000000000000040 /* DaemonPersistenceControllerTests.swift in Sources */,
				10000000000000000000042 /* DaemonServiceRegistrarTests.swift in Sources */,
				10000000000000000000051 /* WorkspaceShellTests.swift in Sources */,
				10000000000000000000097 /* SessionHoverCardTests.swift in Sources */,
				10000000000000000000061 /* WorkspaceFilesTests.swift in Sources */,
				10000000000000000000071 /* EngineLauncherTests.swift in Sources */,
				FC3606719F77D1F856C827D9 /* ClaudeTranscriptTests.swift in Sources */,
				A00517B4FA93E5FDEADE27DF /* PaneAppViewTests.swift in Sources */,
				10000000000000000000103 /* PaneAppSystemBlocksTests.swift in Sources */,
				10000000000000000000105 /* ClaudeUsageLimitsTests.swift in Sources */,
				2554343CE87E2D615945A793 /* PaneViewModeTests.swift in Sources */,
			);
			runOnlyForDeploymentPostprocessing = 0;
		};
/* End PBXSourcesBuildPhase section */

/* Begin PBXTargetDependency section */
		300000000000000000000002 /* PBXTargetDependency */ = {
			isa = PBXTargetDependency;
			target = 600000000000000000000001 /* OmniAgent */;
			targetProxy = 300000000000000000000001 /* PBXContainerItemProxy */;
		};
/* End PBXTargetDependency section */

/* Begin XCBuildConfiguration section */
		B00000000000000000000000 /* Debug */ = {
			isa = XCBuildConfiguration;
			buildSettings = {
				CLANG_ENABLE_MODULES = YES;
				MACOSX_DEPLOYMENT_TARGET = 14.0;
				ONLY_ACTIVE_ARCH = YES;
				SDKROOT = macosx;
				SWIFT_VERSION = 5.0;
			};
			name = Debug;
		};
		B00000000000000000000001 /* Release */ = {
			isa = XCBuildConfiguration;
			buildSettings = {
				CLANG_ENABLE_MODULES = YES;
				MACOSX_DEPLOYMENT_TARGET = 14.0;
				SDKROOT = macosx;
				SWIFT_VERSION = 5.0;
			};
			name = Release;
		};
		B00000000000000000000002 /* Debug */ = {
			isa = XCBuildConfiguration;
			buildSettings = {
				ASSETCATALOG_COMPILER_APPICON_NAME = AppIcon;
				CODE_SIGNING_ALLOWED = NO;
				COMBINE_HIDPI_IMAGES = YES;
				CURRENT_PROJECT_VERSION = 1;
				DEAD_CODE_STRIPPING = YES;
				ENABLE_HARDENED_RUNTIME = YES;
				ENABLE_TESTABILITY = YES;
				ENABLE_USER_SCRIPT_SANDBOXING = YES;
				GENERATE_INFOPLIST_FILE = YES;
				INFOPLIST_FILE = OmniAgent/Info.plist;
				INFOPLIST_KEY_CFBundleDisplayName = OmniAgent;
				INFOPLIST_KEY_LSApplicationCategoryType = "public.app-category.developer-tools";
				INFOPLIST_KEY_NSDesktopFolderUsageDescription = "OmniAgent opens your projects as workspaces and reads their files to build the brain index.";
				INFOPLIST_KEY_NSDocumentsFolderUsageDescription = "OmniAgent opens your projects as workspaces and reads their files to build the brain index.";
				LD_RUNPATH_SEARCH_PATHS = (
					"$(inherited)",
					"@executable_path/../Frameworks",
				);
				MACOSX_DEPLOYMENT_TARGET = 14.0;
				MARKETING_VERSION = 2026.8.31;
				ONLY_ACTIVE_ARCH = YES;
				PRODUCT_BUNDLE_IDENTIFIER = digital.bruno.omniagent;
				PRODUCT_NAME = "$(TARGET_NAME)";
				SWIFT_ACTIVE_COMPILATION_CONDITIONS = "$(inherited) DEBUG";
				SWIFT_EMIT_LOC_STRINGS = YES;
				SWIFT_STRICT_CONCURRENCY = minimal;
				SWIFT_VERSION = 5.0;
			};
			name = Debug;
		};
		B00000000000000000000003 /* Release */ = {
			isa = XCBuildConfiguration;
			buildSettings = {
				ASSETCATALOG_COMPILER_APPICON_NAME = AppIcon;
				CODE_SIGNING_ALLOWED = NO;
				COMBINE_HIDPI_IMAGES = YES;
				CURRENT_PROJECT_VERSION = 1;
				DEAD_CODE_STRIPPING = YES;
				ENABLE_HARDENED_RUNTIME = YES;
				ENABLE_USER_SCRIPT_SANDBOXING = YES;
				GENERATE_INFOPLIST_FILE = YES;
				INFOPLIST_FILE = OmniAgent/Info.plist;
				INFOPLIST_KEY_CFBundleDisplayName = OmniAgent;
				INFOPLIST_KEY_LSApplicationCategoryType = "public.app-category.developer-tools";
				INFOPLIST_KEY_NSDesktopFolderUsageDescription = "OmniAgent opens your projects as workspaces and reads their files to build the brain index.";
				INFOPLIST_KEY_NSDocumentsFolderUsageDescription = "OmniAgent opens your projects as workspaces and reads their files to build the brain index.";
				LD_RUNPATH_SEARCH_PATHS = (
					"$(inherited)",
					"@executable_path/../Frameworks",
				);
				MACOSX_DEPLOYMENT_TARGET = 14.0;
				MARKETING_VERSION = 2026.8.31;
				ONLY_ACTIVE_ARCH = YES;
				PRODUCT_BUNDLE_IDENTIFIER = digital.bruno.omniagent;
				PRODUCT_NAME = "$(TARGET_NAME)";
				SWIFT_EMIT_LOC_STRINGS = YES;
				SWIFT_STRICT_CONCURRENCY = minimal;
				SWIFT_VERSION = 5.0;
			};
			name = Release;
		};
		B00000000000000000000004 /* Debug */ = {
			isa = XCBuildConfiguration;
			buildSettings = {
				BUNDLE_LOADER = "$(TEST_HOST)";
				CODE_SIGNING_ALLOWED = NO;
				GENERATE_INFOPLIST_FILE = YES;
				INFOPLIST_KEY_NSPrincipalClass = OmniAgentTests.RealPreferencesGuard;
				MACOSX_DEPLOYMENT_TARGET = 14.0;
				PRODUCT_BUNDLE_IDENTIFIER = digital.bruno.omniagent.tests;
				PRODUCT_NAME = "$(TARGET_NAME)";
				SWIFT_ACTIVE_COMPILATION_CONDITIONS = "$(inherited) DEBUG";
				SWIFT_STRICT_CONCURRENCY = minimal;
				SWIFT_VERSION = 5.0;
				TEST_HOST = "$(BUILT_PRODUCTS_DIR)/OmniAgent.app/Contents/MacOS/OmniAgent";
			};
			name = Debug;
		};
		B00000000000000000000005 /* Release */ = {
			isa = XCBuildConfiguration;
			buildSettings = {
				BUNDLE_LOADER = "$(TEST_HOST)";
				CODE_SIGNING_ALLOWED = NO;
				GENERATE_INFOPLIST_FILE = YES;
				INFOPLIST_KEY_NSPrincipalClass = OmniAgentTests.RealPreferencesGuard;
				MACOSX_DEPLOYMENT_TARGET = 14.0;
				PRODUCT_BUNDLE_IDENTIFIER = digital.bruno.omniagent.tests;
				PRODUCT_NAME = "$(TARGET_NAME)";
				SWIFT_STRICT_CONCURRENCY = minimal;
				SWIFT_VERSION = 5.0;
				TEST_HOST = "$(BUILT_PRODUCTS_DIR)/OmniAgent.app/Contents/MacOS/OmniAgent";
			};
			name = Release;
		};
		B00000000000000000000006 /* Preview */ = {
			isa = XCBuildConfiguration;
			buildSettings = {
				CLANG_ENABLE_MODULES = YES;
				MACOSX_DEPLOYMENT_TARGET = 14.0;
				SDKROOT = macosx;
				SWIFT_VERSION = 5.0;
			};
			name = Preview;
		};
		B00000000000000000000007 /* Preview */ = {
			isa = XCBuildConfiguration;
			buildSettings = {
				ASSETCATALOG_COMPILER_APPICON_NAME = AppIcon;
				CODE_SIGNING_ALLOWED = NO;
				COMBINE_HIDPI_IMAGES = YES;
				CURRENT_PROJECT_VERSION = 1;
				DEAD_CODE_STRIPPING = YES;
				ENABLE_HARDENED_RUNTIME = YES;
				ENABLE_USER_SCRIPT_SANDBOXING = YES;
				GENERATE_INFOPLIST_FILE = YES;
				INFOPLIST_FILE = OmniAgent/Info.plist;
				INFOPLIST_KEY_CFBundleDisplayName = "OmniAgent Preview";
				INFOPLIST_KEY_LSApplicationCategoryType = "public.app-category.developer-tools";
				INFOPLIST_KEY_NSDesktopFolderUsageDescription = "OmniAgent opens your projects as workspaces and reads their files to build the brain index.";
				INFOPLIST_KEY_NSDocumentsFolderUsageDescription = "OmniAgent opens your projects as workspaces and reads their files to build the brain index.";
				LD_RUNPATH_SEARCH_PATHS = (
					"$(inherited)",
					"@executable_path/../Frameworks",
				);
				MACOSX_DEPLOYMENT_TARGET = 14.0;
				MARKETING_VERSION = 2026.8.31;
				ONLY_ACTIVE_ARCH = YES;
				PRODUCT_BUNDLE_IDENTIFIER = "digital.bruno.omniagent.preview";
				PRODUCT_NAME = "$(TARGET_NAME)";
				SWIFT_EMIT_LOC_STRINGS = YES;
				SWIFT_STRICT_CONCURRENCY = minimal;
				SWIFT_VERSION = 5.0;
			};
			name = Preview;
		};
/* End XCBuildConfiguration section */

/* Begin XCConfigurationList section */
		A00000000000000000000000 /* Build configuration list for PBXProject "OmniAgent" */ = {
			isa = XCConfigurationList;
			buildConfigurations = (
				B00000000000000000000000 /* Debug */,
				B00000000000000000000001 /* Release */,
				B00000000000000000000006 /* Preview */,
			);
			defaultConfigurationIsVisible = 0;
			defaultConfigurationName = Release;
		};
		A00000000000000000000001 /* Build configuration list for PBXNativeTarget "OmniAgent" */ = {
			isa = XCConfigurationList;
			buildConfigurations = (
				B00000000000000000000002 /* Debug */,
				B00000000000000000000003 /* Release */,
				B00000000000000000000007 /* Preview */,
			);
			defaultConfigurationIsVisible = 0;
			defaultConfigurationName = Release;
		};
		A00000000000000000000002 /* Build configuration list for PBXNativeTarget "OmniAgentTests" */ = {
			isa = XCConfigurationList;
			buildConfigurations = (
				B00000000000000000000004 /* Debug */,
				B00000000000000000000005 /* Release */,
			);
			defaultConfigurationIsVisible = 0;
			defaultConfigurationName = Release;
		};
/* End XCConfigurationList section */

/* Begin XCRemoteSwiftPackageReference section */
		900000000000000000000001 /* XCRemoteSwiftPackageReference "SwiftTerm" */ = {
			isa = XCRemoteSwiftPackageReference;
			repositoryURL = "https://github.com/migueldeicaza/SwiftTerm.git";
			requirement = {
				kind = revision;
				revision = 6918d74b5c2880007901151cd4ac1820779abd7b;
			};
		};
/* End XCRemoteSwiftPackageReference section */

/* Begin XCSwiftPackageProductDependency section */
		900000000000000000000002 /* SwiftTerm */ = {
			isa = XCSwiftPackageProductDependency;
			package = 900000000000000000000001 /* XCRemoteSwiftPackageReference "SwiftTerm" */;
			productName = SwiftTerm;
		};
/* End XCSwiftPackageProductDependency section */
	};
	rootObject = 700000000000000000000001 /* Project object */;
}
